// !$*UTF8*$!
{
	archiveVersion = 1;
	classes = {
	};
	objectVersion = 54;
	objects = {

/* Begin PBXBuildFile section */
		00E356F31AD99517003FC87E /* DemoProjectTests.m in Sources */ = {isa = PBXBuildFile; fileRef = 00E356F21AD99517003FC87E /* DemoProjectTests.m */; };
		13B07FBF1A68108700A75B9A /* Images.xcassets in Resources */ = {isa = PBXBuildFile; fileRef = 13B07FB51A68108700A75B9A /* Images.xcassets */; };
		180E5625261B33AE00D709EA /* ExternalAccessory.framework in Frameworks */ = {isa = PBXBuildFile; fileRef = 180E5624261B33AE00D709EA /* ExternalAccessory.framework */; };
		180E5822261B385F00D709EA /* SystemConfiguration.framework in Frameworks */ = {isa = PBXBuildFile; fileRef = 180E5821261B385F00D709EA /* SystemConfiguration.framework */; };
		184744F2261053630019E64E /* Array+Extension.swift in Sources */ = {isa = PBXBuildFile; fileRef = 184744F1261053630019E64E /* Array+Extension.swift */; };
		184746D126106E110019E64E /* IDHelper.swift in Sources */ = {isa = PBXBuildFile; fileRef = 184746D026106E110019E64E /* IDHelper.swift */; };
		184746D526106E480019E64E /* SCDHelper.swift in Sources */ = {isa = PBXBuildFile; fileRef = 184746D426106E480019E64E /* SCDHelper.swift */; };
		184746D926106E6F0019E64E /* DTDatabase.swift in Sources */ = {isa = PBXBuildFile; fileRef = 184746D826106E6F0019E64E /* DTDatabase.swift */; };
		184746DD26106E9A0019E64E /* AppConstants.swift in Sources */ = {isa = PBXBuildFile; fileRef = 184746DC26106E9A0019E64E /* AppConstants.swift */; };
		184746E126106EC50019E64E /* DTMigration.swift in Sources */ = {isa = PBXBuildFile; fileRef = 184746E026106EC50019E64E /* DTMigration.swift */; };
		184746E526106EEA0019E64E /* Migrations.bundle in Resources */ = {isa = PBXBuildFile; fileRef = 184746E426106EEA0019E64E /* Migrations.bundle */; };
		184746E9261070280019E64E /* Model.swift in Sources */ = {isa = PBXBuildFile; fileRef = 184746E8261070280019E64E /* Model.swift */; };
		184746FF2610859F0019E64E /* Repeat.swift in Sources */ = {isa = PBXBuildFile; fileRef = 184746FE2610859F0019E64E /* Repeat.swift */; };
		1847473726108FF40019E64E /* DevicesModule.swift in Sources */ = {isa = PBXBuildFile; fileRef = 1847473626108FF40019E64E /* DevicesModule.swift */; };
		1847473B261093140019E64E /* DevicesModule.m in Sources */ = {isa = PBXBuildFile; fileRef = 1847473A261093140019E64E /* DevicesModule.m */; };
		1847477F2610A8E20019E64E /* DeviceHelper.swift in Sources */ = {isa = PBXBuildFile; fileRef = 1847477E2610A8E20019E64E /* DeviceHelper.swift */; };
		184747832610A9480019E64E /* FanDataHelper.swift in Sources */ = {isa = PBXBuildFile; fileRef = 184747822610A9480019E64E /* FanDataHelper.swift */; };
		184747872610A9EC0019E64E /* HeartRateHelper.swift in Sources */ = {isa = PBXBuildFile; fileRef = 184747862610A9EC0019E64E /* HeartRateHelper.swift */; };
		1847478B2610AA1B0019E64E /* WaveDatahelper.swift in Sources */ = {isa = PBXBuildFile; fileRef = 1847478A2610AA1B0019E64E /* WaveDatahelper.swift */; };
		1847478F2610AA5D0019E64E /* WhistleDataHelper.swift in Sources */ = {isa = PBXBuildFile; fileRef = 1847478E2610AA5D0019E64E /* WhistleDataHelper.swift */; };
		184747932610AAA30019E64E /* TeamHelper.swift in Sources */ = {isa = PBXBuildFile; fileRef = 184747922610AAA30019E64E /* TeamHelper.swift */; };
		184747972610AACC0019E64E /* PlayersHelper.swift in Sources */ = {isa = PBXBuildFile; fileRef = 184747962610AACC0019E64E /* PlayersHelper.swift */; };
		1847479B2610AB1C0019E64E /* AdvertiserHelper.swift in Sources */ = {isa = PBXBuildFile; fileRef = 1847479A2610AB1C0019E64E /* AdvertiserHelper.swift */; };
		1847479F2610AB490019E64E /* UserHelper.swift in Sources */ = {isa = PBXBuildFile; fileRef = 1847479E2610AB490019E64E /* UserHelper.swift */; };
		184747A32610ABF60019E64E /* LeaderHelper.swift in Sources */ = {isa = PBXBuildFile; fileRef = 184747A22610ABF60019E64E /* LeaderHelper.swift */; };
		184747A72610AC620019E64E /* HRHelper.swift in Sources */ = {isa = PBXBuildFile; fileRef = 184747A62610AC620019E64E /* HRHelper.swift */; };
		184747AB2610AC900019E64E /* BPHelper.swift in Sources */ = {isa = PBXBuildFile; fileRef = 184747AA2610AC900019E64E /* BPHelper.swift */; };
		184747AF2610ACCA0019E64E /* SleepHelper.swift in Sources */ = {isa = PBXBuildFile; fileRef = 184747AE2610ACCA0019E64E /* SleepHelper.swift */; };
		184747B32610AD000019E64E /* ActivityHelper.swift in Sources */ = {isa = PBXBuildFile; fileRef = 184747B22610AD000019E64E /* ActivityHelper.swift */; };
		184747B72610AD3E0019E64E /* SponsorHelper.swift in Sources */ = {isa = PBXBuildFile; fileRef = 184747B62610AD3E0019E64E /* SponsorHelper.swift */; };
		184747BB2610AD6E0019E64E /* SponsorAnalyticsHelper.swift in Sources */ = {isa = PBXBuildFile; fileRef = 184747BA2610AD6E0019E64E /* SponsorAnalyticsHelper.swift */; };
		184747BF2610AD9A0019E64E /* UsageAnalyticsHelper.swift in Sources */ = {isa = PBXBuildFile; fileRef = 184747BE2610AD9A0019E64E /* UsageAnalyticsHelper.swift */; };
		184747C32610ADC30019E64E /* ConstantsConfigHelper.swift in Sources */ = {isa = PBXBuildFile; fileRef = 184747C22610ADC30019E64E /* ConstantsConfigHelper.swift */; };
		185546AC2611CFBB005397C0 /* Locator.swift in Sources */ = {isa = PBXBuildFile; fileRef = 185546AB2611CFBB005397C0 /* Locator.swift */; };
		185546B02611CFF4005397C0 /* CoreLocation.framework in Frameworks */ = {isa = PBXBuildFile; fileRef = 185546AF2611CFF4005397C0 /* CoreLocation.framework */; };
		185546B52611D615005397C0 /* LoginModule.swift in Sources */ = {isa = PBXBuildFile; fileRef = 185546B42611D615005397C0 /* LoginModule.swift */; };
		185546BB2611D653005397C0 /* LoginBridge.m in Sources */ = {isa = PBXBuildFile; fileRef = 185546BA2611D653005397C0 /* LoginBridge.m */; };
		185546C02611D6AF005397C0 /* FanEngageModule.swift in Sources */ = {isa = PBXBuildFile; fileRef = 185546BF2611D6AF005397C0 /* FanEngageModule.swift */; };
		185546C62611D6C9005397C0 /* FanEngageBridge.m in Sources */ = {isa = PBXBuildFile; fileRef = 185546C52611D6C9005397C0 /* FanEngageBridge.m */; };
		185546CA2611D93D005397C0 /* ApiResponseModel.swift in Sources */ = {isa = PBXBuildFile; fileRef = 185546C92611D93D005397C0 /* ApiResponseModel.swift */; };
		18978ACF261C1D1E001F0013 /* TeamModule.swift in Sources */ = {isa = PBXBuildFile; fileRef = 18978ACE261C1D1E001F0013 /* TeamModule.swift */; };
		18978AD3261C1D6C001F0013 /* TeamBridge.m in Sources */ = {isa = PBXBuildFile; fileRef = 18978AD2261C1D6C001F0013 /* TeamBridge.m */; };
		18978AD7261C2412001F0013 /* LocationService.swift in Sources */ = {isa = PBXBuildFile; fileRef = 18978AD6261C2412001F0013 /* LocationService.swift */; };
		18978B80261C2AA6001F0013 /* SQLite.framework in Frameworks */ = {isa = PBXBuildFile; fileRef = 18978AE5261C29DF001F0013 /* SQLite.framework */; };
		18978B81261C2AA6001F0013 /* SQLite.framework in Embed Frameworks */ = {isa = PBXBuildFile; fileRef = 18978AE5261C29DF001F0013 /* SQLite.framework */; settings = {ATTRIBUTES = (CodeSignOnCopy, RemoveHeadersOnCopy, ); }; };
		18978B86261C2B40001F0013 /* PIPKit.swift in Sources */ = {isa = PBXBuildFile; fileRef = 18978B85261C2B40001F0013 /* PIPKit.swift */; };
		18978B89261C2B58001F0013 /* PIPKitEventDispatcher.swift in Sources */ = {isa = PBXBuildFile; fileRef = 18978B88261C2B58001F0013 /* PIPKitEventDispatcher.swift */; };
		18978B8C261C2B70001F0013 /* PIPUsable.swift in Sources */ = {isa = PBXBuildFile; fileRef = 18978B8B261C2B70001F0013 /* PIPUsable.swift */; };
		18978BE4261C2BE9001F0013 /* Alamofire.framework in Frameworks */ = {isa = PBXBuildFile; fileRef = 18978BCF261C2BDE001F0013 /* Alamofire.framework */; };
		18978BE5261C2BE9001F0013 /* Alamofire.framework in Embed Frameworks */ = {isa = PBXBuildFile; fileRef = 18978BCF261C2BDE001F0013 /* Alamofire.framework */; settings = {ATTRIBUTES = (CodeSignOnCopy, RemoveHeadersOnCopy, ); }; };
		18978C3F261C2CE0001F0013 /* SQLiteMigrationManager.framework in Frameworks */ = {isa = PBXBuildFile; fileRef = 18978C33261C2CCF001F0013 /* SQLiteMigrationManager.framework */; };
		18978C40261C2CE0001F0013 /* SQLiteMigrationManager.framework in Embed Frameworks */ = {isa = PBXBuildFile; fileRef = 18978C33261C2CCF001F0013 /* SQLiteMigrationManager.framework */; settings = {ATTRIBUTES = (CodeSignOnCopy, RemoveHeadersOnCopy, ); }; };
		18A2161D2612E7E300563968 /* HomeRepo.swift in Sources */ = {isa = PBXBuildFile; fileRef = 18A2161C2612E7E300563968 /* HomeRepo.swift */; };
		18A2163E2612EA6000563968 /* BTUserDefaults.swift in Sources */ = {isa = PBXBuildFile; fileRef = 18A2163D2612EA6000563968 /* BTUserDefaults.swift */; };
		18A216AF2613251600563968 /* whistle.mp3 in Resources */ = {isa = PBXBuildFile; fileRef = 18A216AE2613251600563968 /* whistle.mp3 */; };
		18A216F1261339DD00563968 /* MP3Player.swift in Sources */ = {isa = PBXBuildFile; fileRef = 18A216F0261339DD00563968 /* MP3Player.swift */; };
		18A758D0260C8A74007FF875 /* CoreBluetooth.framework in Frameworks */ = {isa = PBXBuildFile; fileRef = 18A758CF260C8A74007FF875 /* CoreBluetooth.framework */; };
		18A75903260C8B8E007FF875 /* CoreMotion.framework in Frameworks */ = {isa = PBXBuildFile; fileRef = 18A75902260C8B8E007FF875 /* CoreMotion.framework */; };
		18A75905260C8B93007FF875 /* CoreFoundation.framework in Frameworks */ = {isa = PBXBuildFile; fileRef = 18A75904260C8B93007FF875 /* CoreFoundation.framework */; };
		18A75907260C8B9E007FF875 /* AVFoundation.framework in Frameworks */ = {isa = PBXBuildFile; fileRef = 18A75906260C8B9E007FF875 /* AVFoundation.framework */; };
		18A75909260C8BA8007FF875 /* Foundation.framework in Frameworks */ = {isa = PBXBuildFile; fileRef = 18A75908260C8BA7007FF875 /* Foundation.framework */; };
		18A7590A260C8BB0007FF875 /* libresolv.tbd in Frameworks */ = {isa = PBXBuildFile; fileRef = 18A758D1260C8A7B007FF875 /* libresolv.tbd */; };
		18A7590E260C8BB5007FF875 /* UIKit.framework in Frameworks */ = {isa = PBXBuildFile; fileRef = 18A7590D260C8BB5007FF875 /* UIKit.framework */; };
		18B78C86260DDD17004B3225 /* HealthKitModuleBridge.m in Sources */ = {isa = PBXBuildFile; fileRef = 18B78C85260DDD17004B3225 /* HealthKitModuleBridge.m */; };
		18B78DB0260DF5DF004B3225 /* AppDelegate.swift in Sources */ = {isa = PBXBuildFile; fileRef = 18B78DAF260DF5DF004B3225 /* AppDelegate.swift */; };
		18B78FA6260E2A1C004B3225 /* PulseDetector.swift in Sources */ = {isa = PBXBuildFile; fileRef = 18B78F9F260E2A1C004B3225 /* PulseDetector.swift */; };
		18B78FA7260E2A1C004B3225 /* PulseViewController.xib in Resources */ = {isa = PBXBuildFile; fileRef = 18B78FA0260E2A1C004B3225 /* PulseViewController.xib */; };
		18B78FA8260E2A1C004B3225 /* ColorUtils.swift in Sources */ = {isa = PBXBuildFile; fileRef = 18B78FA1260E2A1C004B3225 /* ColorUtils.swift */; };
		18B78FA9260E2A1C004B3225 /* Filter.swift in Sources */ = {isa = PBXBuildFile; fileRef = 18B78FA2260E2A1C004B3225 /* Filter.swift */; };
		18B78FAA260E2A1C004B3225 /* HeartRateManager.swift in Sources */ = {isa = PBXBuildFile; fileRef = 18B78FA3260E2A1C004B3225 /* HeartRateManager.swift */; };
		18B78FAB260E2A1C004B3225 /* AVCaptureDevice+Extensions.swift in Sources */ = {isa = PBXBuildFile; fileRef = 18B78FA4260E2A1C004B3225 /* AVCaptureDevice+Extensions.swift */; };
		18B78FAC260E2A1C004B3225 /* PulseViewController.swift in Sources */ = {isa = PBXBuildFile; fileRef = 18B78FA5260E2A1C004B3225 /* PulseViewController.swift */; };
		18B78FBF260E2A65004B3225 /* libMCBLESDK.a in Frameworks */ = {isa = PBXBuildFile; fileRef = 18B78FBE260E2A65004B3225 /* libMCBLESDK.a */; };
		18C36DB0261443DF0027F48E /* PedoMeterVC.swift in Sources */ = {isa = PBXBuildFile; fileRef = 18C36DAE261443DF0027F48E /* PedoMeterVC.swift */; };
		18C36DB1261443DF0027F48E /* PedoMeterVC.xib in Resources */ = {isa = PBXBuildFile; fileRef = 18C36DAF261443DF0027F48E /* PedoMeterVC.xib */; };
		18CF8F38261B020B004B801B /* PendingFEHelper.swift in Sources */ = {isa = PBXBuildFile; fileRef = 18CF8F37261B020B004B801B /* PendingFEHelper.swift */; };
		18D06F0C260DC6C500A82EC9 /* HealthKit.framework in Frameworks */ = {isa = PBXBuildFile; fileRef = 18D06F0B260DC6C500A82EC9 /* HealthKit.framework */; };
		18D07058260DDCD300A82EC9 /* HealthKitModule.swift in Sources */ = {isa = PBXBuildFile; fileRef = 18D07057260DDCD300A82EC9 /* HealthKitModule.swift */; };
		18D2D4C82616DEED007B6B60 /* FileManager+Extension.swift in Sources */ = {isa = PBXBuildFile; fileRef = 18D2D4C72616DEED007B6B60 /* FileManager+Extension.swift */; };
		58C35AF2A3CD108EC12BF1FB /* libPods-DemoProject-DemoProjectTests.a in Frameworks */ = {isa = PBXBuildFile; fileRef = 779EB798089C609FB6398A62 /* libPods-DemoProject-DemoProjectTests.a */; };
		81AB9BB82411601600AC10FF /* LaunchScreen.storyboard in Resources */ = {isa = PBXBuildFile; fileRef = 81AB9BB72411601600AC10FF /* LaunchScreen.storyboard */; };
		E3B88EDF96637A34BB04E25B /* libPods-DemoProject.a in Frameworks */ = {isa = PBXBuildFile; fileRef = 7DAA0EE8415C5759AA0AE83B /* libPods-DemoProject.a */; };
/* End PBXBuildFile section */

/* Begin PBXContainerItemProxy section */
		00E356F41AD99517003FC87E /* PBXContainerItemProxy */ = {
			isa = PBXContainerItemProxy;
			containerPortal = 83CBB9F71A601CBA00E9B192 /* Project object */;
			proxyType = 1;
			remoteGlobalIDString = 13B07F861A680F5B00A75B9A;
			remoteInfo = DemoProject;
		};
		18978AE4261C29DF001F0013 /* PBXContainerItemProxy */ = {
			isa = PBXContainerItemProxy;
			containerPortal = 18978ADA261C29DF001F0013 /* SQLite.xcodeproj */;
			proxyType = 2;
			remoteGlobalIDString = EE247AD31C3F04ED00AE3E12;
			remoteInfo = "SQLite iOS";
		};
		18978AE6261C29DF001F0013 /* PBXContainerItemProxy */ = {
			isa = PBXContainerItemProxy;
			containerPortal = 18978ADA261C29DF001F0013 /* SQLite.xcodeproj */;
			proxyType = 2;
			remoteGlobalIDString = EE247ADD1C3F04ED00AE3E12;
			remoteInfo = "SQLiteTests iOS";
		};
		18978AE8261C29DF001F0013 /* PBXContainerItemProxy */ = {
			isa = PBXContainerItemProxy;
			containerPortal = 18978ADA261C29DF001F0013 /* SQLite.xcodeproj */;
			proxyType = 2;
			remoteGlobalIDString = EE247B3C1C3F3ED000AE3E12;
			remoteInfo = "SQLite Mac";
		};
		18978AEA261C29DF001F0013 /* PBXContainerItemProxy */ = {
			isa = PBXContainerItemProxy;
			containerPortal = 18978ADA261C29DF001F0013 /* SQLite.xcodeproj */;
			proxyType = 2;
			remoteGlobalIDString = EE247B451C3F3ED000AE3E12;
			remoteInfo = "SQLiteTests Mac";
		};
		18978AEC261C29DF001F0013 /* PBXContainerItemProxy */ = {
			isa = PBXContainerItemProxy;
			containerPortal = 18978ADA261C29DF001F0013 /* SQLite.xcodeproj */;
			proxyType = 2;
			remoteGlobalIDString = 03A65E5A1C6BB0F50062603F;
			remoteInfo = "SQLite tvOS";
		};
		18978AEE261C29DF001F0013 /* PBXContainerItemProxy */ = {
			isa = PBXContainerItemProxy;
			containerPortal = 18978ADA261C29DF001F0013 /* SQLite.xcodeproj */;
			proxyType = 2;
			remoteGlobalIDString = 03A65E631C6BB0F60062603F;
			remoteInfo = "SQLiteTests tvOS";
		};
		18978AF0261C29DF001F0013 /* PBXContainerItemProxy */ = {
			isa = PBXContainerItemProxy;
			containerPortal = 18978ADA261C29DF001F0013 /* SQLite.xcodeproj */;
			proxyType = 2;
			remoteGlobalIDString = A121AC451CA35C79005A31D1;
			remoteInfo = "SQLite watchOS";
		};
		18978BCE261C2BDE001F0013 /* PBXContainerItemProxy */ = {
			isa = PBXContainerItemProxy;
			containerPortal = 18978BBD261C2BDD001F0013 /* Alamofire.xcodeproj */;
			proxyType = 2;
			remoteGlobalIDString = F8111E3319A95C8B0040E7D1;
			remoteInfo = "Alamofire iOS";
		};
		18978BD0261C2BDE001F0013 /* PBXContainerItemProxy */ = {
			isa = PBXContainerItemProxy;
			containerPortal = 18978BBD261C2BDD001F0013 /* Alamofire.xcodeproj */;
			proxyType = 2;
			remoteGlobalIDString = F8111E3E19A95C8B0040E7D1;
			remoteInfo = "Alamofire iOS Tests";
		};
		18978BD2261C2BDE001F0013 /* PBXContainerItemProxy */ = {
			isa = PBXContainerItemProxy;
			containerPortal = 18978BBD261C2BDD001F0013 /* Alamofire.xcodeproj */;
			proxyType = 2;
			remoteGlobalIDString = 4DD67C0B1A5C55C900ED2280;
			remoteInfo = "Alamofire macOS";
		};
		18978BD4261C2BDE001F0013 /* PBXContainerItemProxy */ = {
			isa = PBXContainerItemProxy;
			containerPortal = 18978BBD261C2BDD001F0013 /* Alamofire.xcodeproj */;
			proxyType = 2;
			remoteGlobalIDString = F829C6B21A7A94F100A2CD59;
			remoteInfo = "Alamofire macOS Tests";
		};
		18978BD6261C2BDE001F0013 /* PBXContainerItemProxy */ = {
			isa = PBXContainerItemProxy;
			containerPortal = 18978BBD261C2BDD001F0013 /* Alamofire.xcodeproj */;
			proxyType = 2;
			remoteGlobalIDString = 4CF626EF1BA7CB3E0011A099;
			remoteInfo = "Alamofire tvOS";
		};
		18978BD8261C2BDE001F0013 /* PBXContainerItemProxy */ = {
			isa = PBXContainerItemProxy;
			containerPortal = 18978BBD261C2BDD001F0013 /* Alamofire.xcodeproj */;
			proxyType = 2;
			remoteGlobalIDString = 4CF626F81BA7CB3E0011A099;
			remoteInfo = "Alamofire tvOS Tests";
		};
		18978BDA261C2BDE001F0013 /* PBXContainerItemProxy */ = {
			isa = PBXContainerItemProxy;
			containerPortal = 18978BBD261C2BDD001F0013 /* Alamofire.xcodeproj */;
			proxyType = 2;
			remoteGlobalIDString = E4202FE01B667AA100C997FB;
			remoteInfo = "Alamofire watchOS";
		};
		18978C32261C2CCF001F0013 /* PBXContainerItemProxy */ = {
			isa = PBXContainerItemProxy;
			containerPortal = 18978C2B261C2CCF001F0013 /* SQLiteMigrationManager.xcodeproj */;
			proxyType = 2;
			remoteGlobalIDString = EBE813E41C4BA00200EE04E8;
			remoteInfo = "SQLiteMigrationManager iOS";
		};
		18978C34261C2CCF001F0013 /* PBXContainerItemProxy */ = {
			isa = PBXContainerItemProxy;
			containerPortal = 18978C2B261C2CCF001F0013 /* SQLiteMigrationManager.xcodeproj */;
			proxyType = 2;
			remoteGlobalIDString = CFE35EC621DE71980004E4E4;
			remoteInfo = "SQLiteMigrationManager macOS";
		};
		18978C36261C2CCF001F0013 /* PBXContainerItemProxy */ = {
			isa = PBXContainerItemProxy;
			containerPortal = 18978C2B261C2CCF001F0013 /* SQLiteMigrationManager.xcodeproj */;
			proxyType = 2;
			remoteGlobalIDString = EBE813EE1C4BA00200EE04E8;
			remoteInfo = "SQLiteMigrationManagerTests iOS";
		};
		18978C38261C2CCF001F0013 /* PBXContainerItemProxy */ = {
			isa = PBXContainerItemProxy;
			containerPortal = 18978C2B261C2CCF001F0013 /* SQLiteMigrationManager.xcodeproj */;
			proxyType = 2;
			remoteGlobalIDString = EBB2036A2205CCF9001B59FA;
			remoteInfo = "SQLiteMigrationManagerTests macOS";
		};
/* End PBXContainerItemProxy section */

/* Begin PBXCopyFilesBuildPhase section */
		18978B82261C2AA6001F0013 /* Embed Frameworks */ = {
			isa = PBXCopyFilesBuildPhase;
			buildActionMask = 2147483647;
			dstPath = "";
			dstSubfolderSpec = 10;
			files = (
				18978C40261C2CE0001F0013 /* SQLiteMigrationManager.framework in Embed Frameworks */,
				18978B81261C2AA6001F0013 /* SQLite.framework in Embed Frameworks */,
				18978BE5261C2BE9001F0013 /* Alamofire.framework in Embed Frameworks */,
			);
			name = "Embed Frameworks";
			runOnlyForDeploymentPostprocessing = 0;
		};
/* End PBXCopyFilesBuildPhase section */

/* Begin PBXFileReference section */
		00E356EE1AD99517003FC87E /* DemoProjectTests.xctest */ = {isa = PBXFileReference; explicitFileType = wrapper.cfbundle; includeInIndex = 0; path = DemoProjectTests.xctest; sourceTree = BUILT_PRODUCTS_DIR; };
		00E356F11AD99517003FC87E /* Info.plist */ = {isa = PBXFileReference; lastKnownFileType = text.plist.xml; path = Info.plist; sourceTree = "<group>"; };
		00E356F21AD99517003FC87E /* DemoProjectTests.m */ = {isa = PBXFileReference; lastKnownFileType = sourcecode.c.objc; path = DemoProjectTests.m; sourceTree = "<group>"; };
		01BFEE158BD87F84204BDF00 /* Pods-DemoProject-DemoProjectTests.debug.xcconfig */ = {isa = PBXFileReference; includeInIndex = 1; lastKnownFileType = text.xcconfig; name = "Pods-DemoProject-DemoProjectTests.debug.xcconfig"; path = "Target Support Files/Pods-DemoProject-DemoProjectTests/Pods-DemoProject-DemoProjectTests.debug.xcconfig"; sourceTree = "<group>"; };
		13B07F961A680F5B00A75B9A /* DemoProject.app */ = {isa = PBXFileReference; explicitFileType = wrapper.application; includeInIndex = 0; path = DemoProject.app; sourceTree = BUILT_PRODUCTS_DIR; };
		13B07FB51A68108700A75B9A /* Images.xcassets */ = {isa = PBXFileReference; lastKnownFileType = folder.assetcatalog; name = Images.xcassets; path = DemoProject/Images.xcassets; sourceTree = "<group>"; };
		13B07FB61A68108700A75B9A /* Info.plist */ = {isa = PBXFileReference; fileEncoding = 4; lastKnownFileType = text.plist.xml; name = Info.plist; path = DemoProject/Info.plist; sourceTree = "<group>"; };
		180E5623261B33AE00D709EA /* DemoProjectDebug.entitlements */ = {isa = PBXFileReference; lastKnownFileType = text.plist.entitlements; name = DemoProjectDebug.entitlements; path = DemoProject/DemoProjectDebug.entitlements; sourceTree = "<group>"; };
		180E5624261B33AE00D709EA /* ExternalAccessory.framework */ = {isa = PBXFileReference; lastKnownFileType = wrapper.framework; name = ExternalAccessory.framework; path = System/Library/Frameworks/ExternalAccessory.framework; sourceTree = SDKROOT; };
		180E5821261B385F00D709EA /* SystemConfiguration.framework */ = {isa = PBXFileReference; lastKnownFileType = wrapper.framework; name = SystemConfiguration.framework; path = System/Library/Frameworks/SystemConfiguration.framework; sourceTree = SDKROOT; };
		184744F1261053630019E64E /* Array+Extension.swift */ = {isa = PBXFileReference; lastKnownFileType = sourcecode.swift; name = "Array+Extension.swift"; path = "DemoProject/utils/extensions/Array+Extension.swift"; sourceTree = "<group>"; };
		184746D026106E110019E64E /* IDHelper.swift */ = {isa = PBXFileReference; lastKnownFileType = sourcecode.swift; name = IDHelper.swift; path = DemoProject/db/helper/IDHelper.swift; sourceTree = "<group>"; };
		184746D426106E480019E64E /* SCDHelper.swift */ = {isa = PBXFileReference; lastKnownFileType = sourcecode.swift; name = SCDHelper.swift; path = DemoProject/db/helper/SCDHelper.swift; sourceTree = "<group>"; };
		184746D826106E6F0019E64E /* DTDatabase.swift */ = {isa = PBXFileReference; lastKnownFileType = sourcecode.swift; name = DTDatabase.swift; path = DemoProject/db/DTDatabase.swift; sourceTree = "<group>"; };
		184746DC26106E9A0019E64E /* AppConstants.swift */ = {isa = PBXFileReference; lastKnownFileType = sourcecode.swift; name = AppConstants.swift; path = DemoProject/utils/AppConstants.swift; sourceTree = "<group>"; };
		184746E026106EC50019E64E /* DTMigration.swift */ = {isa = PBXFileReference; lastKnownFileType = sourcecode.swift; name = DTMigration.swift; path = DemoProject/db/DTMigration.swift; sourceTree = "<group>"; };
		184746E426106EEA0019E64E /* Migrations.bundle */ = {isa = PBXFileReference; lastKnownFileType = "wrapper.plug-in"; name = Migrations.bundle; path = DemoProject/db/Migrations.bundle; sourceTree = "<group>"; };
		184746E8261070280019E64E /* Model.swift */ = {isa = PBXFileReference; lastKnownFileType = sourcecode.swift; name = Model.swift; path = DemoProject/db/model/Model.swift; sourceTree = "<group>"; };
		184746FE2610859F0019E64E /* Repeat.swift */ = {isa = PBXFileReference; lastKnownFileType = sourcecode.swift; name = Repeat.swift; path = DemoProject/utils/Repeat.swift; sourceTree = "<group>"; };
		1847473626108FF40019E64E /* DevicesModule.swift */ = {isa = PBXFileReference; lastKnownFileType = sourcecode.swift; name = DevicesModule.swift; path = DemoProject/module/DevicesModule.swift; sourceTree = "<group>"; };
		1847473A261093140019E64E /* DevicesModule.m */ = {isa = PBXFileReference; lastKnownFileType = sourcecode.c.objc; name = DevicesModule.m; path = DemoProject/module/DevicesModule.m; sourceTree = "<group>"; };
		1847477E2610A8E20019E64E /* DeviceHelper.swift */ = {isa = PBXFileReference; lastKnownFileType = sourcecode.swift; name = DeviceHelper.swift; path = DemoProject/db/helper/DeviceHelper.swift; sourceTree = "<group>"; };
		184747822610A9480019E64E /* FanDataHelper.swift */ = {isa = PBXFileReference; lastKnownFileType = sourcecode.swift; name = FanDataHelper.swift; path = DemoProject/db/helper/FanDataHelper.swift; sourceTree = "<group>"; };
		184747862610A9EC0019E64E /* HeartRateHelper.swift */ = {isa = PBXFileReference; lastKnownFileType = sourcecode.swift; name = HeartRateHelper.swift; path = DemoProject/db/helper/HeartRateHelper.swift; sourceTree = "<group>"; };
		1847478A2610AA1B0019E64E /* WaveDatahelper.swift */ = {isa = PBXFileReference; lastKnownFileType = sourcecode.swift; name = WaveDatahelper.swift; path = DemoProject/db/helper/WaveDatahelper.swift; sourceTree = "<group>"; };
		1847478E2610AA5D0019E64E /* WhistleDataHelper.swift */ = {isa = PBXFileReference; lastKnownFileType = sourcecode.swift; name = WhistleDataHelper.swift; path = DemoProject/db/helper/WhistleDataHelper.swift; sourceTree = "<group>"; };
		184747922610AAA30019E64E /* TeamHelper.swift */ = {isa = PBXFileReference; lastKnownFileType = sourcecode.swift; name = TeamHelper.swift; path = DemoProject/db/helper/TeamHelper.swift; sourceTree = "<group>"; };
		184747962610AACC0019E64E /* PlayersHelper.swift */ = {isa = PBXFileReference; lastKnownFileType = sourcecode.swift; name = PlayersHelper.swift; path = DemoProject/db/helper/PlayersHelper.swift; sourceTree = "<group>"; };
		1847479A2610AB1C0019E64E /* AdvertiserHelper.swift */ = {isa = PBXFileReference; lastKnownFileType = sourcecode.swift; name = AdvertiserHelper.swift; path = DemoProject/db/helper/AdvertiserHelper.swift; sourceTree = "<group>"; };
		1847479E2610AB490019E64E /* UserHelper.swift */ = {isa = PBXFileReference; lastKnownFileType = sourcecode.swift; name = UserHelper.swift; path = DemoProject/db/helper/UserHelper.swift; sourceTree = "<group>"; };
		184747A22610ABF60019E64E /* LeaderHelper.swift */ = {isa = PBXFileReference; lastKnownFileType = sourcecode.swift; name = LeaderHelper.swift; path = DemoProject/db/helper/LeaderHelper.swift; sourceTree = "<group>"; };
		184747A62610AC620019E64E /* HRHelper.swift */ = {isa = PBXFileReference; lastKnownFileType = sourcecode.swift; name = HRHelper.swift; path = DemoProject/db/helper/HRHelper.swift; sourceTree = "<group>"; };
		184747AA2610AC900019E64E /* BPHelper.swift */ = {isa = PBXFileReference; lastKnownFileType = sourcecode.swift; name = BPHelper.swift; path = DemoProject/db/helper/BPHelper.swift; sourceTree = "<group>"; };
		184747AE2610ACCA0019E64E /* SleepHelper.swift */ = {isa = PBXFileReference; lastKnownFileType = sourcecode.swift; name = SleepHelper.swift; path = DemoProject/db/helper/SleepHelper.swift; sourceTree = "<group>"; };
		184747B22610AD000019E64E /* ActivityHelper.swift */ = {isa = PBXFileReference; lastKnownFileType = sourcecode.swift; name = ActivityHelper.swift; path = DemoProject/db/helper/ActivityHelper.swift; sourceTree = "<group>"; };
		184747B62610AD3E0019E64E /* SponsorHelper.swift */ = {isa = PBXFileReference; lastKnownFileType = sourcecode.swift; name = SponsorHelper.swift; path = DemoProject/db/helper/SponsorHelper.swift; sourceTree = "<group>"; };
		184747BA2610AD6E0019E64E /* SponsorAnalyticsHelper.swift */ = {isa = PBXFileReference; lastKnownFileType = sourcecode.swift; name = SponsorAnalyticsHelper.swift; path = DemoProject/db/helper/SponsorAnalyticsHelper.swift; sourceTree = "<group>"; };
		184747BE2610AD9A0019E64E /* UsageAnalyticsHelper.swift */ = {isa = PBXFileReference; lastKnownFileType = sourcecode.swift; name = UsageAnalyticsHelper.swift; path = DemoProject/db/helper/UsageAnalyticsHelper.swift; sourceTree = "<group>"; };
		184747C22610ADC30019E64E /* ConstantsConfigHelper.swift */ = {isa = PBXFileReference; lastKnownFileType = sourcecode.swift; name = ConstantsConfigHelper.swift; path = DemoProject/db/helper/ConstantsConfigHelper.swift; sourceTree = "<group>"; };
		185546AB2611CFBB005397C0 /* Locator.swift */ = {isa = PBXFileReference; lastKnownFileType = sourcecode.swift; name = Locator.swift; path = DemoProject/utils/Locator.swift; sourceTree = "<group>"; };
		185546AF2611CFF4005397C0 /* CoreLocation.framework */ = {isa = PBXFileReference; lastKnownFileType = wrapper.framework; name = CoreLocation.framework; path = System/Library/Frameworks/CoreLocation.framework; sourceTree = SDKROOT; };
		185546B42611D615005397C0 /* LoginModule.swift */ = {isa = PBXFileReference; lastKnownFileType = sourcecode.swift; name = LoginModule.swift; path = DemoProject/module/LoginModule.swift; sourceTree = "<group>"; };
		185546BA2611D653005397C0 /* LoginBridge.m */ = {isa = PBXFileReference; lastKnownFileType = sourcecode.c.objc; name = LoginBridge.m; path = DemoProject/module/LoginBridge.m; sourceTree = "<group>"; };
		185546BF2611D6AF005397C0 /* FanEngageModule.swift */ = {isa = PBXFileReference; lastKnownFileType = sourcecode.swift; name = FanEngageModule.swift; path = DemoProject/module/FanEngageModule.swift; sourceTree = "<group>"; };
		185546C52611D6C9005397C0 /* FanEngageBridge.m */ = {isa = PBXFileReference; lastKnownFileType = sourcecode.c.objc; name = FanEngageBridge.m; path = DemoProject/module/FanEngageBridge.m; sourceTree = "<group>"; };
		185546C92611D93D005397C0 /* ApiResponseModel.swift */ = {isa = PBXFileReference; lastKnownFileType = sourcecode.swift; name = ApiResponseModel.swift; path = DemoProject/db/model/ApiResponseModel.swift; sourceTree = "<group>"; };
		18978ACE261C1D1E001F0013 /* TeamModule.swift */ = {isa = PBXFileReference; lastKnownFileType = sourcecode.swift; name = TeamModule.swift; path = DemoProject/module/TeamModule.swift; sourceTree = "<group>"; };
		18978AD2261C1D6C001F0013 /* TeamBridge.m */ = {isa = PBXFileReference; lastKnownFileType = sourcecode.c.objc; name = TeamBridge.m; path = DemoProject/module/TeamBridge.m; sourceTree = "<group>"; };
		18978AD6261C2412001F0013 /* LocationService.swift */ = {isa = PBXFileReference; lastKnownFileType = sourcecode.swift; name = LocationService.swift; path = DemoProject/utils/LocationService.swift; sourceTree = "<group>"; };
		18978ADA261C29DF001F0013 /* SQLite.xcodeproj */ = {isa = PBXFileReference; lastKnownFileType = "wrapper.pb-project"; name = SQLite.xcodeproj; path = "Lib/SQLite-swift/SQLite.xcodeproj"; sourceTree = "<group>"; };
		18978B85261C2B40001F0013 /* PIPKit.swift */ = {isa = PBXFileReference; lastKnownFileType = sourcecode.swift; name = PIPKit.swift; path = Lib/PipKit/PIPKit.swift; sourceTree = "<group>"; };
		18978B88261C2B58001F0013 /* PIPKitEventDispatcher.swift */ = {isa = PBXFileReference; lastKnownFileType = sourcecode.swift; name = PIPKitEventDispatcher.swift; path = Lib/PipKit/PIPKitEventDispatcher.swift; sourceTree = "<group>"; };
		18978B8B261C2B70001F0013 /* PIPUsable.swift */ = {isa = PBXFileReference; lastKnownFileType = sourcecode.swift; name = PIPUsable.swift; path = Lib/PipKit/PIPUsable.swift; sourceTree = "<group>"; };
		18978BBD261C2BDD001F0013 /* Alamofire.xcodeproj */ = {isa = PBXFileReference; lastKnownFileType = "wrapper.pb-project"; name = Alamofire.xcodeproj; path = Lib/Alamofire/Alamofire.xcodeproj; sourceTree = "<group>"; };
		18978C2B261C2CCF001F0013 /* SQLiteMigrationManager.xcodeproj */ = {isa = PBXFileReference; lastKnownFileType = "wrapper.pb-project"; name = SQLiteMigrationManager.xcodeproj; path = "Lib/SQLiteMigrationManager-swift/SQLiteMigrationManager.xcodeproj"; sourceTree = "<group>"; };
		18A2161C2612E7E300563968 /* HomeRepo.swift */ = {isa = PBXFileReference; lastKnownFileType = sourcecode.swift; name = HomeRepo.swift; path = DemoProject/repo/HomeRepo.swift; sourceTree = "<group>"; };
		18A2163D2612EA6000563968 /* BTUserDefaults.swift */ = {isa = PBXFileReference; lastKnownFileType = sourcecode.swift; name = BTUserDefaults.swift; path = DemoProject/utils/BTUserDefaults.swift; sourceTree = "<group>"; };
		18A216AE2613251600563968 /* whistle.mp3 */ = {isa = PBXFileReference; lastKnownFileType = audio.mp3; name = whistle.mp3; path = DemoProject/additional/whistle.mp3; sourceTree = "<group>"; };
		18A216F0261339DD00563968 /* MP3Player.swift */ = {isa = PBXFileReference; lastKnownFileType = sourcecode.swift; name = MP3Player.swift; path = DemoProject/utils/MP3Player.swift; sourceTree = "<group>"; };
		18A758C4260C89C4007FF875 /* DemoProject-Bridging-Header.h */ = {isa = PBXFileReference; lastKnownFileType = sourcecode.c.h; path = "DemoProject-Bridging-Header.h"; sourceTree = "<group>"; };
		18A758CF260C8A74007FF875 /* CoreBluetooth.framework */ = {isa = PBXFileReference; lastKnownFileType = wrapper.framework; name = CoreBluetooth.framework; path = System/Library/Frameworks/CoreBluetooth.framework; sourceTree = SDKROOT; };
		18A758D1260C8A7B007FF875 /* libresolv.tbd */ = {isa = PBXFileReference; lastKnownFileType = "sourcecode.text-based-dylib-definition"; name = libresolv.tbd; path = usr/lib/libresolv.tbd; sourceTree = SDKROOT; };
		18A75902260C8B8E007FF875 /* CoreMotion.framework */ = {isa = PBXFileReference; lastKnownFileType = wrapper.framework; name = CoreMotion.framework; path = System/Library/Frameworks/CoreMotion.framework; sourceTree = SDKROOT; };
		18A75904260C8B93007FF875 /* CoreFoundation.framework */ = {isa = PBXFileReference; lastKnownFileType = wrapper.framework; name = CoreFoundation.framework; path = System/Library/Frameworks/CoreFoundation.framework; sourceTree = SDKROOT; };
		18A75906260C8B9E007FF875 /* AVFoundation.framework */ = {isa = PBXFileReference; lastKnownFileType = wrapper.framework; name = AVFoundation.framework; path = System/Library/Frameworks/AVFoundation.framework; sourceTree = SDKROOT; };
		18A75908260C8BA7007FF875 /* Foundation.framework */ = {isa = PBXFileReference; lastKnownFileType = wrapper.framework; name = Foundation.framework; path = System/Library/Frameworks/Foundation.framework; sourceTree = SDKROOT; };
		18A7590D260C8BB5007FF875 /* UIKit.framework */ = {isa = PBXFileReference; lastKnownFileType = wrapper.framework; name = UIKit.framework; path = System/Library/Frameworks/UIKit.framework; sourceTree = SDKROOT; };
		18B78C85260DDD17004B3225 /* HealthKitModuleBridge.m */ = {isa = PBXFileReference; lastKnownFileType = sourcecode.c.objc; name = HealthKitModuleBridge.m; path = DemoProject/module/HealthKitModuleBridge.m; sourceTree = "<group>"; };
		18B78DAF260DF5DF004B3225 /* AppDelegate.swift */ = {isa = PBXFileReference; lastKnownFileType = sourcecode.swift; name = AppDelegate.swift; path = DemoProject/AppDelegate.swift; sourceTree = "<group>"; };
		18B78F9F260E2A1C004B3225 /* PulseDetector.swift */ = {isa = PBXFileReference; fileEncoding = 4; lastKnownFileType = sourcecode.swift; name = PulseDetector.swift; path = DemoProject/camerapulse/PulseDetector.swift; sourceTree = "<group>"; };
		18B78FA0260E2A1C004B3225 /* PulseViewController.xib */ = {isa = PBXFileReference; fileEncoding = 4; lastKnownFileType = file.xib; name = PulseViewController.xib; path = DemoProject/camerapulse/PulseViewController.xib; sourceTree = "<group>"; };
		18B78FA1260E2A1C004B3225 /* ColorUtils.swift */ = {isa = PBXFileReference; fileEncoding = 4; lastKnownFileType = sourcecode.swift; name = ColorUtils.swift; path = DemoProject/camerapulse/ColorUtils.swift; sourceTree = "<group>"; };
		18B78FA2260E2A1C004B3225 /* Filter.swift */ = {isa = PBXFileReference; fileEncoding = 4; lastKnownFileType = sourcecode.swift; name = Filter.swift; path = DemoProject/camerapulse/Filter.swift; sourceTree = "<group>"; };
		18B78FA3260E2A1C004B3225 /* HeartRateManager.swift */ = {isa = PBXFileReference; fileEncoding = 4; lastKnownFileType = sourcecode.swift; name = HeartRateManager.swift; path = DemoProject/camerapulse/HeartRateManager.swift; sourceTree = "<group>"; };
		18B78FA4260E2A1C004B3225 /* AVCaptureDevice+Extensions.swift */ = {isa = PBXFileReference; fileEncoding = 4; lastKnownFileType = sourcecode.swift; name = "AVCaptureDevice+Extensions.swift"; path = "DemoProject/camerapulse/AVCaptureDevice+Extensions.swift"; sourceTree = "<group>"; };
		18B78FA5260E2A1C004B3225 /* PulseViewController.swift */ = {isa = PBXFileReference; fileEncoding = 4; lastKnownFileType = sourcecode.swift; name = PulseViewController.swift; path = DemoProject/camerapulse/PulseViewController.swift; sourceTree = "<group>"; };
		18B78FB3260E2A5B004B3225 /* MCPaceRange.h */ = {isa = PBXFileReference; fileEncoding = 4; lastKnownFileType = sourcecode.c.h; name = MCPaceRange.h; path = DemoProject/SDK/Header/MCPaceRange.h; sourceTree = "<group>"; };
		18B78FB4260E2A5B004B3225 /* MCBLEFirmwareVersion.h */ = {isa = PBXFileReference; fileEncoding = 4; lastKnownFileType = sourcecode.c.h; name = MCBLEFirmwareVersion.h; path = DemoProject/SDK/Header/MCBLEFirmwareVersion.h; sourceTree = "<group>"; };
		18B78FB5260E2A5B004B3225 /* MCBLEDeviceInfo.h */ = {isa = PBXFileReference; fileEncoding = 4; lastKnownFileType = sourcecode.c.h; name = MCBLEDeviceInfo.h; path = DemoProject/SDK/Header/MCBLEDeviceInfo.h; sourceTree = "<group>"; };
		18B78FB6260E2A5B004B3225 /* MCBLEAlarmSettingInfo.h */ = {isa = PBXFileReference; fileEncoding = 4; lastKnownFileType = sourcecode.c.h; name = MCBLEAlarmSettingInfo.h; path = DemoProject/SDK/Header/MCBLEAlarmSettingInfo.h; sourceTree = "<group>"; };
		18B78FB7260E2A5B004B3225 /* MCBLEOfflineSyncData.h */ = {isa = PBXFileReference; fileEncoding = 4; lastKnownFileType = sourcecode.c.h; name = MCBLEOfflineSyncData.h; path = DemoProject/SDK/Header/MCBLEOfflineSyncData.h; sourceTree = "<group>"; };
		18B78FB8260E2A5B004B3225 /* MCBLEPublicEnum.h */ = {isa = PBXFileReference; fileEncoding = 4; lastKnownFileType = sourcecode.c.h; name = MCBLEPublicEnum.h; path = DemoProject/SDK/Header/MCBLEPublicEnum.h; sourceTree = "<group>"; };
		18B78FB9260E2A5B004B3225 /* MCBLEDisplaySettingInfo.h */ = {isa = PBXFileReference; fileEncoding = 4; lastKnownFileType = sourcecode.c.h; name = MCBLEDisplaySettingInfo.h; path = DemoProject/SDK/Header/MCBLEDisplaySettingInfo.h; sourceTree = "<group>"; };
		18B78FBA260E2A5B004B3225 /* MCBLEPublicHeader.h */ = {isa = PBXFileReference; fileEncoding = 4; lastKnownFileType = sourcecode.c.h; name = MCBLEPublicHeader.h; path = DemoProject/SDK/Header/MCBLEPublicHeader.h; sourceTree = "<group>"; };
		18B78FBB260E2A5B004B3225 /* MCBLESDK.h */ = {isa = PBXFileReference; fileEncoding = 4; lastKnownFileType = sourcecode.c.h; name = MCBLESDK.h; path = DemoProject/SDK/Header/MCBLESDK.h; sourceTree = "<group>"; };
		18B78FBC260E2A5B004B3225 /* MCBLEMotionSyncData.h */ = {isa = PBXFileReference; fileEncoding = 4; lastKnownFileType = sourcecode.c.h; name = MCBLEMotionSyncData.h; path = DemoProject/SDK/Header/MCBLEMotionSyncData.h; sourceTree = "<group>"; };
		18B78FBD260E2A5B004B3225 /* MCUserProfileInfo.h */ = {isa = PBXFileReference; fileEncoding = 4; lastKnownFileType = sourcecode.c.h; name = MCUserProfileInfo.h; path = DemoProject/SDK/Header/MCUserProfileInfo.h; sourceTree = "<group>"; };
		18B78FBE260E2A65004B3225 /* libMCBLESDK.a */ = {isa = PBXFileReference; lastKnownFileType = archive.ar; name = libMCBLESDK.a; path = DemoProject/SDK/libMCBLESDK.a; sourceTree = "<group>"; };
		18C36DAE261443DF0027F48E /* PedoMeterVC.swift */ = {isa = PBXFileReference; lastKnownFileType = sourcecode.swift; name = PedoMeterVC.swift; path = DemoProject/pedometer/PedoMeterVC.swift; sourceTree = "<group>"; };
		18C36DAF261443DF0027F48E /* PedoMeterVC.xib */ = {isa = PBXFileReference; lastKnownFileType = file.xib; name = PedoMeterVC.xib; path = DemoProject/pedometer/PedoMeterVC.xib; sourceTree = "<group>"; };
		18CF8F37261B020B004B801B /* PendingFEHelper.swift */ = {isa = PBXFileReference; lastKnownFileType = sourcecode.swift; name = PendingFEHelper.swift; path = DemoProject/db/helper/PendingFEHelper.swift; sourceTree = "<group>"; };
		18D06F0A260DC6C500A82EC9 /* DemoProject.entitlements */ = {isa = PBXFileReference; lastKnownFileType = text.plist.entitlements; name = DemoProject.entitlements; path = DemoProject/DemoProject.entitlements; sourceTree = "<group>"; };
		18D06F0B260DC6C500A82EC9 /* HealthKit.framework */ = {isa = PBXFileReference; lastKnownFileType = wrapper.framework; name = HealthKit.framework; path = System/Library/Frameworks/HealthKit.framework; sourceTree = SDKROOT; };
		18D07057260DDCD300A82EC9 /* HealthKitModule.swift */ = {isa = PBXFileReference; lastKnownFileType = sourcecode.swift; name = HealthKitModule.swift; path = DemoProject/module/HealthKitModule.swift; sourceTree = "<group>"; };
		18D2D4C72616DEED007B6B60 /* FileManager+Extension.swift */ = {isa = PBXFileReference; lastKnownFileType = sourcecode.swift; name = "FileManager+Extension.swift"; path = "DemoProject/utils/extensions/FileManager+Extension.swift"; sourceTree = "<group>"; };
		779EB798089C609FB6398A62 /* libPods-DemoProject-DemoProjectTests.a */ = {isa = PBXFileReference; explicitFileType = archive.ar; includeInIndex = 0; path = "libPods-DemoProject-DemoProjectTests.a"; sourceTree = BUILT_PRODUCTS_DIR; };
		7DAA0EE8415C5759AA0AE83B /* libPods-DemoProject.a */ = {isa = PBXFileReference; explicitFileType = archive.ar; includeInIndex = 0; path = "libPods-DemoProject.a"; sourceTree = BUILT_PRODUCTS_DIR; };
		81AB9BB72411601600AC10FF /* LaunchScreen.storyboard */ = {isa = PBXFileReference; fileEncoding = 4; lastKnownFileType = file.storyboard; name = LaunchScreen.storyboard; path = DemoProject/LaunchScreen.storyboard; sourceTree = "<group>"; };
		81D9534B58EBC9ED66EC3361 /* Pods-DemoProject-DemoProjectTests.release.xcconfig */ = {isa = PBXFileReference; includeInIndex = 1; lastKnownFileType = text.xcconfig; name = "Pods-DemoProject-DemoProjectTests.release.xcconfig"; path = "Target Support Files/Pods-DemoProject-DemoProjectTests/Pods-DemoProject-DemoProjectTests.release.xcconfig"; sourceTree = "<group>"; };
		85A10A955B4600F039CC8E83 /* Pods-DemoProject.release.xcconfig */ = {isa = PBXFileReference; includeInIndex = 1; lastKnownFileType = text.xcconfig; name = "Pods-DemoProject.release.xcconfig"; path = "Target Support Files/Pods-DemoProject/Pods-DemoProject.release.xcconfig"; sourceTree = "<group>"; };
		C840B044A8FC1AD701986C64 /* Pods-DemoProject.debug.xcconfig */ = {isa = PBXFileReference; includeInIndex = 1; lastKnownFileType = text.xcconfig; name = "Pods-DemoProject.debug.xcconfig"; path = "Target Support Files/Pods-DemoProject/Pods-DemoProject.debug.xcconfig"; sourceTree = "<group>"; };
		ED297162215061F000B7C4FE /* JavaScriptCore.framework */ = {isa = PBXFileReference; lastKnownFileType = wrapper.framework; name = JavaScriptCore.framework; path = System/Library/Frameworks/JavaScriptCore.framework; sourceTree = SDKROOT; };
/* End PBXFileReference section */

/* Begin PBXFrameworksBuildPhase section */
		00E356EB1AD99517003FC87E /* Frameworks */ = {
			isa = PBXFrameworksBuildPhase;
			buildActionMask = 2147483647;
			files = (
				58C35AF2A3CD108EC12BF1FB /* libPods-DemoProject-DemoProjectTests.a in Frameworks */,
			);
			runOnlyForDeploymentPostprocessing = 0;
		};
		13B07F8C1A680F5B00A75B9A /* Frameworks */ = {
			isa = PBXFrameworksBuildPhase;
			buildActionMask = 2147483647;
			files = (
				18978B80261C2AA6001F0013 /* SQLite.framework in Frameworks */,
				18D06F0C260DC6C500A82EC9 /* HealthKit.framework in Frameworks */,
				185546B02611CFF4005397C0 /* CoreLocation.framework in Frameworks */,
				18A75905260C8B93007FF875 /* CoreFoundation.framework in Frameworks */,
				18A7590E260C8BB5007FF875 /* UIKit.framework in Frameworks */,
				18A75909260C8BA8007FF875 /* Foundation.framework in Frameworks */,
				18978C3F261C2CE0001F0013 /* SQLiteMigrationManager.framework in Frameworks */,
				180E5822261B385F00D709EA /* SystemConfiguration.framework in Frameworks */,
				18A758D0260C8A74007FF875 /* CoreBluetooth.framework in Frameworks */,
				180E5625261B33AE00D709EA /* ExternalAccessory.framework in Frameworks */,
				18A7590A260C8BB0007FF875 /* libresolv.tbd in Frameworks */,
				18A75907260C8B9E007FF875 /* AVFoundation.framework in Frameworks */,
				18A75903260C8B8E007FF875 /* CoreMotion.framework in Frameworks */,
				18B78FBF260E2A65004B3225 /* libMCBLESDK.a in Frameworks */,
				18978BE4261C2BE9001F0013 /* Alamofire.framework in Frameworks */,
				E3B88EDF96637A34BB04E25B /* libPods-DemoProject.a in Frameworks */,
			);
			runOnlyForDeploymentPostprocessing = 0;
		};
/* End PBXFrameworksBuildPhase section */

/* Begin PBXGroup section */
		00E356EF1AD99517003FC87E /* DemoProjectTests */ = {
			isa = PBXGroup;
			children = (
				00E356F21AD99517003FC87E /* DemoProjectTests.m */,
				00E356F01AD99517003FC87E /* Supporting Files */,
			);
			path = DemoProjectTests;
			sourceTree = "<group>";
		};
		00E356F01AD99517003FC87E /* Supporting Files */ = {
			isa = PBXGroup;
			children = (
				00E356F11AD99517003FC87E /* Info.plist */,
			);
			name = "Supporting Files";
			sourceTree = "<group>";
		};
		13B07FAE1A68108700A75B9A /* DemoProject */ = {
			isa = PBXGroup;
			children = (
				180E5623261B33AE00D709EA /* DemoProjectDebug.entitlements */,
				18C36DAD261443A60027F48E /* pedometer */,
				18A216A7261321BF00563968 /* additional */,
				18A2161B2612E7B200563968 /* repo */,
				184745BB26105F690019E64E /* db */,
				184744EF261053370019E64E /* utils */,
				18B78FB1260E2A43004B3225 /* SDK */,
				18B78F9E260E2A09004B3225 /* camerapulse */,
				18D06F0A260DC6C500A82EC9 /* DemoProject.entitlements */,
				18A758C1260C89AE007FF875 /* module */,
				13B07FB51A68108700A75B9A /* Images.xcassets */,
				13B07FB61A68108700A75B9A /* Info.plist */,
				81AB9BB72411601600AC10FF /* LaunchScreen.storyboard */,
				18A758C4260C89C4007FF875 /* DemoProject-Bridging-Header.h */,
				18B78DAF260DF5DF004B3225 /* AppDelegate.swift */,
			);
			name = DemoProject;
			sourceTree = "<group>";
		};
		184744EF261053370019E64E /* utils */ = {
			isa = PBXGroup;
			children = (
				184744F0261053400019E64E /* extensions */,
				184746DC26106E9A0019E64E /* AppConstants.swift */,
				184746FE2610859F0019E64E /* Repeat.swift */,
				185546AB2611CFBB005397C0 /* Locator.swift */,
				18A2163D2612EA6000563968 /* BTUserDefaults.swift */,
				18A216F0261339DD00563968 /* MP3Player.swift */,
				18978AD6261C2412001F0013 /* LocationService.swift */,
			);
			name = utils;
			sourceTree = "<group>";
		};
		184744F0261053400019E64E /* extensions */ = {
			isa = PBXGroup;
			children = (
				184744F1261053630019E64E /* Array+Extension.swift */,
				18D2D4C72616DEED007B6B60 /* FileManager+Extension.swift */,
			);
			name = extensions;
			sourceTree = "<group>";
		};
		184745BB26105F690019E64E /* db */ = {
			isa = PBXGroup;
			children = (
				184746EC2610702C0019E64E /* model */,
				184746CF26106DF50019E64E /* helper */,
				184746D826106E6F0019E64E /* DTDatabase.swift */,
				184746E026106EC50019E64E /* DTMigration.swift */,
				184746E426106EEA0019E64E /* Migrations.bundle */,
			);
			name = db;
			sourceTree = "<group>";
		};
		184746CF26106DF50019E64E /* helper */ = {
			isa = PBXGroup;
			children = (
				184746D026106E110019E64E /* IDHelper.swift */,
				184746D426106E480019E64E /* SCDHelper.swift */,
				1847477E2610A8E20019E64E /* DeviceHelper.swift */,
				184747822610A9480019E64E /* FanDataHelper.swift */,
				184747862610A9EC0019E64E /* HeartRateHelper.swift */,
				1847478A2610AA1B0019E64E /* WaveDatahelper.swift */,
				1847478E2610AA5D0019E64E /* WhistleDataHelper.swift */,
				184747922610AAA30019E64E /* TeamHelper.swift */,
				184747962610AACC0019E64E /* PlayersHelper.swift */,
				1847479A2610AB1C0019E64E /* AdvertiserHelper.swift */,
				1847479E2610AB490019E64E /* UserHelper.swift */,
				184747A22610ABF60019E64E /* LeaderHelper.swift */,
				184747A62610AC620019E64E /* HRHelper.swift */,
				184747AA2610AC900019E64E /* BPHelper.swift */,
				184747AE2610ACCA0019E64E /* SleepHelper.swift */,
				184747B22610AD000019E64E /* ActivityHelper.swift */,
				184747B62610AD3E0019E64E /* SponsorHelper.swift */,
				184747BA2610AD6E0019E64E /* SponsorAnalyticsHelper.swift */,
				184747BE2610AD9A0019E64E /* UsageAnalyticsHelper.swift */,
				184747C22610ADC30019E64E /* ConstantsConfigHelper.swift */,
				18CF8F37261B020B004B801B /* PendingFEHelper.swift */,
			);
			name = helper;
			sourceTree = "<group>";
		};
		184746EC2610702C0019E64E /* model */ = {
			isa = PBXGroup;
			children = (
				184746E8261070280019E64E /* Model.swift */,
				185546C92611D93D005397C0 /* ApiResponseModel.swift */,
			);
			name = model;
			sourceTree = "<group>";
		};
		1847492A2610BC520019E64E /* applehealthkit */ = {
			isa = PBXGroup;
			children = (
				18D07057260DDCD300A82EC9 /* HealthKitModule.swift */,
				18B78C85260DDD17004B3225 /* HealthKitModuleBridge.m */,
			);
			name = applehealthkit;
			sourceTree = "<group>";
		};
		1847492D2610BC630019E64E /* bledevice */ = {
			isa = PBXGroup;
			children = (
				1847473626108FF40019E64E /* DevicesModule.swift */,
				1847473A261093140019E64E /* DevicesModule.m */,
			);
			name = bledevice;
			sourceTree = "<group>";
		};
		185546B32611D602005397C0 /* login */ = {
			isa = PBXGroup;
			children = (
				185546B42611D615005397C0 /* LoginModule.swift */,
				185546BA2611D653005397C0 /* LoginBridge.m */,
			);
			name = login;
			sourceTree = "<group>";
		};
		185546BE2611D69A005397C0 /* fanengagement */ = {
			isa = PBXGroup;
			children = (
				185546BF2611D6AF005397C0 /* FanEngageModule.swift */,
				185546C52611D6C9005397C0 /* FanEngageBridge.m */,
			);
			name = fanengagement;
			sourceTree = "<group>";
		};
		18978ADB261C29DF001F0013 /* Products */ = {
			isa = PBXGroup;
			children = (
				18978AE5261C29DF001F0013 /* SQLite.framework */,
				18978AE7261C29DF001F0013 /* SQLiteTests iOS.xctest */,
				18978AE9261C29DF001F0013 /* SQLite.framework */,
				18978AEB261C29DF001F0013 /* SQLiteTests Mac.xctest */,
				18978AED261C29DF001F0013 /* SQLite.framework */,
				18978AEF261C29DF001F0013 /* SQLiteTests tvOS.xctest */,
				18978AF1261C29DF001F0013 /* SQLite.framework */,
			);
			name = Products;
			sourceTree = "<group>";
		};
		18978B84261C2B1F001F0013 /* PipKit */ = {
			isa = PBXGroup;
			children = (
				18978B85261C2B40001F0013 /* PIPKit.swift */,
				18978B88261C2B58001F0013 /* PIPKitEventDispatcher.swift */,
				18978B8B261C2B70001F0013 /* PIPUsable.swift */,
			);
			name = PipKit;
			sourceTree = "<group>";
		};
		18978BBE261C2BDD001F0013 /* Products */ = {
			isa = PBXGroup;
			children = (
				18978BCF261C2BDE001F0013 /* Alamofire.framework */,
				18978BD1261C2BDE001F0013 /* Alamofire iOS Tests.xctest */,
				18978BD3261C2BDE001F0013 /* Alamofire.framework */,
				18978BD5261C2BDE001F0013 /* Alamofire macOS Tests.xctest */,
				18978BD7261C2BDE001F0013 /* Alamofire.framework */,
				18978BD9261C2BDE001F0013 /* Alamofire tvOS Tests.xctest */,
				18978BDB261C2BDE001F0013 /* Alamofire.framework */,
			);
			name = Products;
			sourceTree = "<group>";
		};
		18978C2C261C2CCF001F0013 /* Products */ = {
			isa = PBXGroup;
			children = (
				18978C33261C2CCF001F0013 /* SQLiteMigrationManager.framework */,
				18978C35261C2CCF001F0013 /* SQLiteMigrationManager.framework */,
				18978C37261C2CCF001F0013 /* SQLiteMigrationManagerTests iOS.xctest */,
				18978C39261C2CCF001F0013 /* SQLiteMigrationManagerTests macOS.xctest */,
			);
			name = Products;
			sourceTree = "<group>";
		};
		18A2161B2612E7B200563968 /* repo */ = {
			isa = PBXGroup;
			children = (
				18A2161C2612E7E300563968 /* HomeRepo.swift */,
			);
			name = repo;
			sourceTree = "<group>";
		};
		18A216A7261321BF00563968 /* additional */ = {
			isa = PBXGroup;
			children = (
				18A216AE2613251600563968 /* whistle.mp3 */,
			);
			name = additional;
			sourceTree = "<group>";
		};
		18A216E526132F6400563968 /* team */ = {
			isa = PBXGroup;
			children = (
				18978ACE261C1D1E001F0013 /* TeamModule.swift */,
				18978AD2261C1D6C001F0013 /* TeamBridge.m */,
			);
			name = team;
			sourceTree = "<group>";
		};
		18A758C1260C89AE007FF875 /* module */ = {
			isa = PBXGroup;
			children = (
				18A216E526132F6400563968 /* team */,
				185546BE2611D69A005397C0 /* fanengagement */,
				185546B32611D602005397C0 /* login */,
				1847492D2610BC630019E64E /* bledevice */,
				1847492A2610BC520019E64E /* applehealthkit */,
			);
			name = module;
			sourceTree = "<group>";
		};
		18B78F9E260E2A09004B3225 /* camerapulse */ = {
			isa = PBXGroup;
			children = (
				18B78FA4260E2A1C004B3225 /* AVCaptureDevice+Extensions.swift */,
				18B78FA1260E2A1C004B3225 /* ColorUtils.swift */,
				18B78FA2260E2A1C004B3225 /* Filter.swift */,
				18B78FA3260E2A1C004B3225 /* HeartRateManager.swift */,
				18B78F9F260E2A1C004B3225 /* PulseDetector.swift */,
				18B78FA5260E2A1C004B3225 /* PulseViewController.swift */,
				18B78FA0260E2A1C004B3225 /* PulseViewController.xib */,
			);
			name = camerapulse;
			sourceTree = "<group>";
		};
		18B78FB1260E2A43004B3225 /* SDK */ = {
			isa = PBXGroup;
			children = (
				18B78FBE260E2A65004B3225 /* libMCBLESDK.a */,
				18B78FB2260E2A4F004B3225 /* Header */,
			);
			name = SDK;
			sourceTree = "<group>";
		};
		18B78FB2260E2A4F004B3225 /* Header */ = {
			isa = PBXGroup;
			children = (
				18B78FB6260E2A5B004B3225 /* MCBLEAlarmSettingInfo.h */,
				18B78FB5260E2A5B004B3225 /* MCBLEDeviceInfo.h */,
				18B78FB9260E2A5B004B3225 /* MCBLEDisplaySettingInfo.h */,
				18B78FB4260E2A5B004B3225 /* MCBLEFirmwareVersion.h */,
				18B78FBC260E2A5B004B3225 /* MCBLEMotionSyncData.h */,
				18B78FB7260E2A5B004B3225 /* MCBLEOfflineSyncData.h */,
				18B78FB8260E2A5B004B3225 /* MCBLEPublicEnum.h */,
				18B78FBA260E2A5B004B3225 /* MCBLEPublicHeader.h */,
				18B78FBB260E2A5B004B3225 /* MCBLESDK.h */,
				18B78FB3260E2A5B004B3225 /* MCPaceRange.h */,
				18B78FBD260E2A5B004B3225 /* MCUserProfileInfo.h */,
			);
			name = Header;
			sourceTree = "<group>";
		};
		18C36DAD261443A60027F48E /* pedometer */ = {
			isa = PBXGroup;
			children = (
				18C36DAE261443DF0027F48E /* PedoMeterVC.swift */,
				18C36DAF261443DF0027F48E /* PedoMeterVC.xib */,
			);
			name = pedometer;
			sourceTree = "<group>";
		};
		2D16E6871FA4F8E400B85C8A /* Frameworks */ = {
			isa = PBXGroup;
			children = (
				180E5821261B385F00D709EA /* SystemConfiguration.framework */,
				180E5624261B33AE00D709EA /* ExternalAccessory.framework */,
				185546AF2611CFF4005397C0 /* CoreLocation.framework */,
				18D06F0B260DC6C500A82EC9 /* HealthKit.framework */,
				18A7590D260C8BB5007FF875 /* UIKit.framework */,
				18A75908260C8BA7007FF875 /* Foundation.framework */,
				18A75906260C8B9E007FF875 /* AVFoundation.framework */,
				18A75904260C8B93007FF875 /* CoreFoundation.framework */,
				18A75902260C8B8E007FF875 /* CoreMotion.framework */,
				18A758D1260C8A7B007FF875 /* libresolv.tbd */,
				18A758CF260C8A74007FF875 /* CoreBluetooth.framework */,
				ED297162215061F000B7C4FE /* JavaScriptCore.framework */,
				7DAA0EE8415C5759AA0AE83B /* libPods-DemoProject.a */,
				779EB798089C609FB6398A62 /* libPods-DemoProject-DemoProjectTests.a */,
			);
			name = Frameworks;
			sourceTree = "<group>";
		};
		832341AE1AAA6A7D00B99B32 /* Libraries */ = {
			isa = PBXGroup;
			children = (
				18978C2B261C2CCF001F0013 /* SQLiteMigrationManager.xcodeproj */,
				18978BBD261C2BDD001F0013 /* Alamofire.xcodeproj */,
				18978B84261C2B1F001F0013 /* PipKit */,
				18978ADA261C29DF001F0013 /* SQLite.xcodeproj */,
			);
			name = Libraries;
			sourceTree = "<group>";
		};
		83CBB9F61A601CBA00E9B192 = {
			isa = PBXGroup;
			children = (
				13B07FAE1A68108700A75B9A /* DemoProject */,
				832341AE1AAA6A7D00B99B32 /* Libraries */,
				00E356EF1AD99517003FC87E /* DemoProjectTests */,
				83CBBA001A601CBA00E9B192 /* Products */,
				2D16E6871FA4F8E400B85C8A /* Frameworks */,
				CE0FFD981D1F146F90A39FE3 /* Pods */,
			);
			indentWidth = 2;
			sourceTree = "<group>";
			tabWidth = 2;
			usesTabs = 0;
		};
		83CBBA001A601CBA00E9B192 /* Products */ = {
			isa = PBXGroup;
			children = (
				13B07F961A680F5B00A75B9A /* DemoProject.app */,
				00E356EE1AD99517003FC87E /* DemoProjectTests.xctest */,
			);
			name = Products;
			sourceTree = "<group>";
		};
		CE0FFD981D1F146F90A39FE3 /* Pods */ = {
			isa = PBXGroup;
			children = (
				C840B044A8FC1AD701986C64 /* Pods-DemoProject.debug.xcconfig */,
				85A10A955B4600F039CC8E83 /* Pods-DemoProject.release.xcconfig */,
				01BFEE158BD87F84204BDF00 /* Pods-DemoProject-DemoProjectTests.debug.xcconfig */,
				81D9534B58EBC9ED66EC3361 /* Pods-DemoProject-DemoProjectTests.release.xcconfig */,
			);
			path = Pods;
			sourceTree = "<group>";
		};
/* End PBXGroup section */

/* Begin PBXNativeTarget section */
		00E356ED1AD99517003FC87E /* DemoProjectTests */ = {
			isa = PBXNativeTarget;
			buildConfigurationList = 00E357021AD99517003FC87E /* Build configuration list for PBXNativeTarget "DemoProjectTests" */;
			buildPhases = (
				770B866D1D8FDB3430BA5317 /* [CP] Check Pods Manifest.lock */,
				00E356EA1AD99517003FC87E /* Sources */,
				00E356EB1AD99517003FC87E /* Frameworks */,
				00E356EC1AD99517003FC87E /* Resources */,
				398E4A248EAEA2BD0E9AFA51 /* [CP] Embed Pods Frameworks */,
				951480F85A7FD5FDB7C51F6E /* [CP] Copy Pods Resources */,
			);
			buildRules = (
			);
			dependencies = (
				00E356F51AD99517003FC87E /* PBXTargetDependency */,
			);
			name = DemoProjectTests;
			productName = DemoProjectTests;
			productReference = 00E356EE1AD99517003FC87E /* DemoProjectTests.xctest */;
			productType = "com.apple.product-type.bundle.unit-test";
		};
		13B07F861A680F5B00A75B9A /* DemoProject */ = {
			isa = PBXNativeTarget;
			buildConfigurationList = 13B07F931A680F5B00A75B9A /* Build configuration list for PBXNativeTarget "DemoProject" */;
			buildPhases = (
				F285FADFA8D14C8271E81E4B /* [CP] Check Pods Manifest.lock */,
				FD10A7F022414F080027D42C /* Start Packager */,
				13B07F871A680F5B00A75B9A /* Sources */,
				13B07F8C1A680F5B00A75B9A /* Frameworks */,
				13B07F8E1A680F5B00A75B9A /* Resources */,
				00DD1BFF1BD5951E006B06BC /* Bundle React Native code and images */,
				7146379FBBF7DBF975920597 /* [CP] Embed Pods Frameworks */,
				24292751F180457C54354F75 /* [CP] Copy Pods Resources */,
				18978B82261C2AA6001F0013 /* Embed Frameworks */,
			);
			buildRules = (
			);
			dependencies = (
			);
			name = DemoProject;
			productName = DemoProject;
			productReference = 13B07F961A680F5B00A75B9A /* DemoProject.app */;
			productType = "com.apple.product-type.application";
		};
/* End PBXNativeTarget section */

/* Begin PBXProject section */
		83CBB9F71A601CBA00E9B192 /* Project object */ = {
			isa = PBXProject;
			attributes = {
				LastUpgradeCheck = 1240;
				TargetAttributes = {
					00E356ED1AD99517003FC87E = {
						CreatedOnToolsVersion = 6.2;
						TestTargetID = 13B07F861A680F5B00A75B9A;
					};
					13B07F861A680F5B00A75B9A = {
						LastSwiftMigration = 1240;
					};
				};
			};
			buildConfigurationList = 83CBB9FA1A601CBA00E9B192 /* Build configuration list for PBXProject "DemoProject" */;
			compatibilityVersion = "Xcode 12.0";
			developmentRegion = en;
			hasScannedForEncodings = 0;
			knownRegions = (
				en,
				Base,
			);
			mainGroup = 83CBB9F61A601CBA00E9B192;
			productRefGroup = 83CBBA001A601CBA00E9B192 /* Products */;
			projectDirPath = "";
			projectReferences = (
				{
					ProductGroup = 18978BBE261C2BDD001F0013 /* Products */;
					ProjectRef = 18978BBD261C2BDD001F0013 /* Alamofire.xcodeproj */;
				},
				{
					ProductGroup = 18978ADB261C29DF001F0013 /* Products */;
					ProjectRef = 18978ADA261C29DF001F0013 /* SQLite.xcodeproj */;
				},
				{
					ProductGroup = 18978C2C261C2CCF001F0013 /* Products */;
					ProjectRef = 18978C2B261C2CCF001F0013 /* SQLiteMigrationManager.xcodeproj */;
				},
			);
			projectRoot = "";
			targets = (
				13B07F861A680F5B00A75B9A /* DemoProject */,
				00E356ED1AD99517003FC87E /* DemoProjectTests */,
			);
		};
/* End PBXProject section */

/* Begin PBXReferenceProxy section */
		18978AE5261C29DF001F0013 /* SQLite.framework */ = {
			isa = PBXReferenceProxy;
			fileType = wrapper.framework;
			path = SQLite.framework;
			remoteRef = 18978AE4261C29DF001F0013 /* PBXContainerItemProxy */;
			sourceTree = BUILT_PRODUCTS_DIR;
		};
		18978AE7261C29DF001F0013 /* SQLiteTests iOS.xctest */ = {
			isa = PBXReferenceProxy;
			fileType = wrapper.cfbundle;
			path = "SQLiteTests iOS.xctest";
			remoteRef = 18978AE6261C29DF001F0013 /* PBXContainerItemProxy */;
			sourceTree = BUILT_PRODUCTS_DIR;
		};
		18978AE9261C29DF001F0013 /* SQLite.framework */ = {
			isa = PBXReferenceProxy;
			fileType = wrapper.framework;
			path = SQLite.framework;
			remoteRef = 18978AE8261C29DF001F0013 /* PBXContainerItemProxy */;
			sourceTree = BUILT_PRODUCTS_DIR;
		};
		18978AEB261C29DF001F0013 /* SQLiteTests Mac.xctest */ = {
			isa = PBXReferenceProxy;
			fileType = wrapper.cfbundle;
			path = "SQLiteTests Mac.xctest";
			remoteRef = 18978AEA261C29DF001F0013 /* PBXContainerItemProxy */;
			sourceTree = BUILT_PRODUCTS_DIR;
		};
		18978AED261C29DF001F0013 /* SQLite.framework */ = {
			isa = PBXReferenceProxy;
			fileType = wrapper.framework;
			path = SQLite.framework;
			remoteRef = 18978AEC261C29DF001F0013 /* PBXContainerItemProxy */;
			sourceTree = BUILT_PRODUCTS_DIR;
		};
		18978AEF261C29DF001F0013 /* SQLiteTests tvOS.xctest */ = {
			isa = PBXReferenceProxy;
			fileType = wrapper.cfbundle;
			path = "SQLiteTests tvOS.xctest";
			remoteRef = 18978AEE261C29DF001F0013 /* PBXContainerItemProxy */;
			sourceTree = BUILT_PRODUCTS_DIR;
		};
		18978AF1261C29DF001F0013 /* SQLite.framework */ = {
			isa = PBXReferenceProxy;
			fileType = wrapper.framework;
			path = SQLite.framework;
			remoteRef = 18978AF0261C29DF001F0013 /* PBXContainerItemProxy */;
			sourceTree = BUILT_PRODUCTS_DIR;
		};
		18978BCF261C2BDE001F0013 /* Alamofire.framework */ = {
			isa = PBXReferenceProxy;
			fileType = wrapper.framework;
			path = Alamofire.framework;
			remoteRef = 18978BCE261C2BDE001F0013 /* PBXContainerItemProxy */;
			sourceTree = BUILT_PRODUCTS_DIR;
		};
		18978BD1261C2BDE001F0013 /* Alamofire iOS Tests.xctest */ = {
			isa = PBXReferenceProxy;
			fileType = wrapper.cfbundle;
			path = "Alamofire iOS Tests.xctest";
			remoteRef = 18978BD0261C2BDE001F0013 /* PBXContainerItemProxy */;
			sourceTree = BUILT_PRODUCTS_DIR;
		};
		18978BD3261C2BDE001F0013 /* Alamofire.framework */ = {
			isa = PBXReferenceProxy;
			fileType = wrapper.framework;
			path = Alamofire.framework;
			remoteRef = 18978BD2261C2BDE001F0013 /* PBXContainerItemProxy */;
			sourceTree = BUILT_PRODUCTS_DIR;
		};
		18978BD5261C2BDE001F0013 /* Alamofire macOS Tests.xctest */ = {
			isa = PBXReferenceProxy;
			fileType = wrapper.cfbundle;
			path = "Alamofire macOS Tests.xctest";
			remoteRef = 18978BD4261C2BDE001F0013 /* PBXContainerItemProxy */;
			sourceTree = BUILT_PRODUCTS_DIR;
		};
		18978BD7261C2BDE001F0013 /* Alamofire.framework */ = {
			isa = PBXReferenceProxy;
			fileType = wrapper.framework;
			path = Alamofire.framework;
			remoteRef = 18978BD6261C2BDE001F0013 /* PBXContainerItemProxy */;
			sourceTree = BUILT_PRODUCTS_DIR;
		};
		18978BD9261C2BDE001F0013 /* Alamofire tvOS Tests.xctest */ = {
			isa = PBXReferenceProxy;
			fileType = wrapper.cfbundle;
			path = "Alamofire tvOS Tests.xctest";
			remoteRef = 18978BD8261C2BDE001F0013 /* PBXContainerItemProxy */;
			sourceTree = BUILT_PRODUCTS_DIR;
		};
		18978BDB261C2BDE001F0013 /* Alamofire.framework */ = {
			isa = PBXReferenceProxy;
			fileType = wrapper.framework;
			path = Alamofire.framework;
			remoteRef = 18978BDA261C2BDE001F0013 /* PBXContainerItemProxy */;
			sourceTree = BUILT_PRODUCTS_DIR;
		};
		18978C33261C2CCF001F0013 /* SQLiteMigrationManager.framework */ = {
			isa = PBXReferenceProxy;
			fileType = wrapper.framework;
			path = SQLiteMigrationManager.framework;
			remoteRef = 18978C32261C2CCF001F0013 /* PBXContainerItemProxy */;
			sourceTree = BUILT_PRODUCTS_DIR;
		};
		18978C35261C2CCF001F0013 /* SQLiteMigrationManager.framework */ = {
			isa = PBXReferenceProxy;
			fileType = wrapper.framework;
			path = SQLiteMigrationManager.framework;
			remoteRef = 18978C34261C2CCF001F0013 /* PBXContainerItemProxy */;
			sourceTree = BUILT_PRODUCTS_DIR;
		};
		18978C37261C2CCF001F0013 /* SQLiteMigrationManagerTests iOS.xctest */ = {
			isa = PBXReferenceProxy;
			fileType = wrapper.cfbundle;
			path = "SQLiteMigrationManagerTests iOS.xctest";
			remoteRef = 18978C36261C2CCF001F0013 /* PBXContainerItemProxy */;
			sourceTree = BUILT_PRODUCTS_DIR;
		};
		18978C39261C2CCF001F0013 /* SQLiteMigrationManagerTests macOS.xctest */ = {
			isa = PBXReferenceProxy;
			fileType = wrapper.cfbundle;
			path = "SQLiteMigrationManagerTests macOS.xctest";
			remoteRef = 18978C38261C2CCF001F0013 /* PBXContainerItemProxy */;
			sourceTree = BUILT_PRODUCTS_DIR;
		};
/* End PBXReferenceProxy section */

/* Begin PBXResourcesBuildPhase section */
		00E356EC1AD99517003FC87E /* Resources */ = {
			isa = PBXResourcesBuildPhase;
			buildActionMask = 2147483647;
			files = (
			);
			runOnlyForDeploymentPostprocessing = 0;
		};
		13B07F8E1A680F5B00A75B9A /* Resources */ = {
			isa = PBXResourcesBuildPhase;
			buildActionMask = 2147483647;
			files = (
				18A216AF2613251600563968 /* whistle.mp3 in Resources */,
				18B78FA7260E2A1C004B3225 /* PulseViewController.xib in Resources */,
				81AB9BB82411601600AC10FF /* LaunchScreen.storyboard in Resources */,
				184746E526106EEA0019E64E /* Migrations.bundle in Resources */,
				18C36DB1261443DF0027F48E /* PedoMeterVC.xib in Resources */,
				13B07FBF1A68108700A75B9A /* Images.xcassets in Resources */,
			);
			runOnlyForDeploymentPostprocessing = 0;
		};
/* End PBXResourcesBuildPhase section */

/* Begin PBXShellScriptBuildPhase section */
		00DD1BFF1BD5951E006B06BC /* Bundle React Native code and images */ = {
			isa = PBXShellScriptBuildPhase;
			buildActionMask = 2147483647;
			files = (
			);
			inputPaths = (
			);
			name = "Bundle React Native code and images";
			outputPaths = (
			);
			runOnlyForDeploymentPostprocessing = 0;
			shellPath = /bin/sh;
			shellScript = "set -e\n\nexport NODE_BINARY=node\n../node_modules/react-native/scripts/react-native-xcode.sh\n";
		};
		24292751F180457C54354F75 /* [CP] Copy Pods Resources */ = {
			isa = PBXShellScriptBuildPhase;
			buildActionMask = 2147483647;
			files = (
			);
			inputFileListPaths = (
				"${PODS_ROOT}/Target Support Files/Pods-DemoProject/Pods-DemoProject-resources-${CONFIGURATION}-input-files.xcfilelist",
			);
			name = "[CP] Copy Pods Resources";
			outputFileListPaths = (
				"${PODS_ROOT}/Target Support Files/Pods-DemoProject/Pods-DemoProject-resources-${CONFIGURATION}-output-files.xcfilelist",
			);
			runOnlyForDeploymentPostprocessing = 0;
			shellPath = /bin/sh;
			shellScript = "\"${PODS_ROOT}/Target Support Files/Pods-DemoProject/Pods-DemoProject-resources.sh\"\n";
			showEnvVarsInLog = 0;
		};
		398E4A248EAEA2BD0E9AFA51 /* [CP] Embed Pods Frameworks */ = {
			isa = PBXShellScriptBuildPhase;
			buildActionMask = 2147483647;
			files = (
			);
			inputFileListPaths = (
				"${PODS_ROOT}/Target Support Files/Pods-DemoProject-DemoProjectTests/Pods-DemoProject-DemoProjectTests-frameworks-${CONFIGURATION}-input-files.xcfilelist",
			);
			name = "[CP] Embed Pods Frameworks";
			outputFileListPaths = (
				"${PODS_ROOT}/Target Support Files/Pods-DemoProject-DemoProjectTests/Pods-DemoProject-DemoProjectTests-frameworks-${CONFIGURATION}-output-files.xcfilelist",
			);
			runOnlyForDeploymentPostprocessing = 0;
			shellPath = /bin/sh;
			shellScript = "\"${PODS_ROOT}/Target Support Files/Pods-DemoProject-DemoProjectTests/Pods-DemoProject-DemoProjectTests-frameworks.sh\"\n";
			showEnvVarsInLog = 0;
		};
		7146379FBBF7DBF975920597 /* [CP] Embed Pods Frameworks */ = {
			isa = PBXShellScriptBuildPhase;
			buildActionMask = 2147483647;
			files = (
			);
			inputFileListPaths = (
				"${PODS_ROOT}/Target Support Files/Pods-DemoProject/Pods-DemoProject-frameworks-${CONFIGURATION}-input-files.xcfilelist",
			);
			name = "[CP] Embed Pods Frameworks";
			outputFileListPaths = (
				"${PODS_ROOT}/Target Support Files/Pods-DemoProject/Pods-DemoProject-frameworks-${CONFIGURATION}-output-files.xcfilelist",
			);
			runOnlyForDeploymentPostprocessing = 0;
			shellPath = /bin/sh;
			shellScript = "\"${PODS_ROOT}/Target Support Files/Pods-DemoProject/Pods-DemoProject-frameworks.sh\"\n";
			showEnvVarsInLog = 0;
		};
		770B866D1D8FDB3430BA5317 /* [CP] Check Pods Manifest.lock */ = {
			isa = PBXShellScriptBuildPhase;
			buildActionMask = 2147483647;
			files = (
			);
			inputFileListPaths = (
			);
			inputPaths = (
				"${PODS_PODFILE_DIR_PATH}/Podfile.lock",
				"${PODS_ROOT}/Manifest.lock",
			);
			name = "[CP] Check Pods Manifest.lock";
			outputFileListPaths = (
			);
			outputPaths = (
				"$(DERIVED_FILE_DIR)/Pods-DemoProject-DemoProjectTests-checkManifestLockResult.txt",
			);
			runOnlyForDeploymentPostprocessing = 0;
			shellPath = /bin/sh;
			shellScript = "diff \"${PODS_PODFILE_DIR_PATH}/Podfile.lock\" \"${PODS_ROOT}/Manifest.lock\" > /dev/null\nif [ $? != 0 ] ; then\n    # print error to STDERR\n    echo \"error: The sandbox is not in sync with the Podfile.lock. Run 'pod install' or update your CocoaPods installation.\" >&2\n    exit 1\nfi\n# This output is used by Xcode 'outputs' to avoid re-running this script phase.\necho \"SUCCESS\" > \"${SCRIPT_OUTPUT_FILE_0}\"\n";
			showEnvVarsInLog = 0;
		};
		951480F85A7FD5FDB7C51F6E /* [CP] Copy Pods Resources */ = {
			isa = PBXShellScriptBuildPhase;
			buildActionMask = 2147483647;
			files = (
			);
			inputFileListPaths = (
				"${PODS_ROOT}/Target Support Files/Pods-DemoProject-DemoProjectTests/Pods-DemoProject-DemoProjectTests-resources-${CONFIGURATION}-input-files.xcfilelist",
			);
			name = "[CP] Copy Pods Resources";
			outputFileListPaths = (
				"${PODS_ROOT}/Target Support Files/Pods-DemoProject-DemoProjectTests/Pods-DemoProject-DemoProjectTests-resources-${CONFIGURATION}-output-files.xcfilelist",
			);
			runOnlyForDeploymentPostprocessing = 0;
			shellPath = /bin/sh;
			shellScript = "\"${PODS_ROOT}/Target Support Files/Pods-DemoProject-DemoProjectTests/Pods-DemoProject-DemoProjectTests-resources.sh\"\n";
			showEnvVarsInLog = 0;
		};
		F285FADFA8D14C8271E81E4B /* [CP] Check Pods Manifest.lock */ = {
			isa = PBXShellScriptBuildPhase;
			buildActionMask = 2147483647;
			files = (
			);
			inputFileListPaths = (
			);
			inputPaths = (
				"${PODS_PODFILE_DIR_PATH}/Podfile.lock",
				"${PODS_ROOT}/Manifest.lock",
			);
			name = "[CP] Check Pods Manifest.lock";
			outputFileListPaths = (
			);
			outputPaths = (
				"$(DERIVED_FILE_DIR)/Pods-DemoProject-checkManifestLockResult.txt",
			);
			runOnlyForDeploymentPostprocessing = 0;
			shellPath = /bin/sh;
			shellScript = "diff \"${PODS_PODFILE_DIR_PATH}/Podfile.lock\" \"${PODS_ROOT}/Manifest.lock\" > /dev/null\nif [ $? != 0 ] ; then\n    # print error to STDERR\n    echo \"error: The sandbox is not in sync with the Podfile.lock. Run 'pod install' or update your CocoaPods installation.\" >&2\n    exit 1\nfi\n# This output is used by Xcode 'outputs' to avoid re-running this script phase.\necho \"SUCCESS\" > \"${SCRIPT_OUTPUT_FILE_0}\"\n";
			showEnvVarsInLog = 0;
		};
		FD10A7F022414F080027D42C /* Start Packager */ = {
			isa = PBXShellScriptBuildPhase;
			buildActionMask = 2147483647;
			files = (
			);
			inputFileListPaths = (
			);
			inputPaths = (
			);
			name = "Start Packager";
			outputFileListPaths = (
			);
			outputPaths = (
			);
			runOnlyForDeploymentPostprocessing = 0;
			shellPath = /bin/sh;
			shellScript = "export RCT_METRO_PORT=\"${RCT_METRO_PORT:=8081}\"\necho \"export RCT_METRO_PORT=${RCT_METRO_PORT}\" > \"${SRCROOT}/../node_modules/react-native/scripts/.packager.env\"\nif [ -z \"${RCT_NO_LAUNCH_PACKAGER+xxx}\" ] ; then\n  if nc -w 5 -z localhost ${RCT_METRO_PORT} ; then\n    if ! curl -s \"http://localhost:${RCT_METRO_PORT}/status\" | grep -q \"packager-status:running\" ; then\n      echo \"Port ${RCT_METRO_PORT} already in use, packager is either not running or not running correctly\"\n      exit 2\n    fi\n  else\n    open \"$SRCROOT/../node_modules/react-native/scripts/launchPackager.command\" || echo \"Can't start packager automatically\"\n  fi\nfi\n";
			showEnvVarsInLog = 0;
		};
/* End PBXShellScriptBuildPhase section */

/* Begin PBXSourcesBuildPhase section */
		00E356EA1AD99517003FC87E /* Sources */ = {
			isa = PBXSourcesBuildPhase;
			buildActionMask = 2147483647;
			files = (
				00E356F31AD99517003FC87E /* DemoProjectTests.m in Sources */,
			);
			runOnlyForDeploymentPostprocessing = 0;
		};
		13B07F871A680F5B00A75B9A /* Sources */ = {
			isa = PBXSourcesBuildPhase;
			buildActionMask = 2147483647;
			files = (
				18B78FA8260E2A1C004B3225 /* ColorUtils.swift in Sources */,
				184747C32610ADC30019E64E /* ConstantsConfigHelper.swift in Sources */,
				18C36DB0261443DF0027F48E /* PedoMeterVC.swift in Sources */,
				18B78FAA260E2A1C004B3225 /* HeartRateManager.swift in Sources */,
				184747B72610AD3E0019E64E /* SponsorHelper.swift in Sources */,
				18A2163E2612EA6000563968 /* BTUserDefaults.swift in Sources */,
				18B78FA9260E2A1C004B3225 /* Filter.swift in Sources */,
				184747A72610AC620019E64E /* HRHelper.swift in Sources */,
				18B78FA6260E2A1C004B3225 /* PulseDetector.swift in Sources */,
				185546C62611D6C9005397C0 /* FanEngageBridge.m in Sources */,
				184747AF2610ACCA0019E64E /* SleepHelper.swift in Sources */,
				18D2D4C82616DEED007B6B60 /* FileManager+Extension.swift in Sources */,
				1847478B2610AA1B0019E64E /* WaveDatahelper.swift in Sources */,
				184747BB2610AD6E0019E64E /* SponsorAnalyticsHelper.swift in Sources */,
				184744F2261053630019E64E /* Array+Extension.swift in Sources */,
				1847479B2610AB1C0019E64E /* AdvertiserHelper.swift in Sources */,
				185546AC2611CFBB005397C0 /* Locator.swift in Sources */,
				1847473B261093140019E64E /* DevicesModule.m in Sources */,
				18978B89261C2B58001F0013 /* PIPKitEventDispatcher.swift in Sources */,
				184746E9261070280019E64E /* Model.swift in Sources */,
				184746D126106E110019E64E /* IDHelper.swift in Sources */,
				18978ACF261C1D1E001F0013 /* TeamModule.swift in Sources */,
				18B78DB0260DF5DF004B3225 /* AppDelegate.swift in Sources */,
				18978AD7261C2412001F0013 /* LocationService.swift in Sources */,
				1847477F2610A8E20019E64E /* DeviceHelper.swift in Sources */,
				18CF8F38261B020B004B801B /* PendingFEHelper.swift in Sources */,
				18B78C86260DDD17004B3225 /* HealthKitModuleBridge.m in Sources */,
				184746FF2610859F0019E64E /* Repeat.swift in Sources */,
				184747A32610ABF60019E64E /* LeaderHelper.swift in Sources */,
				1847479F2610AB490019E64E /* UserHelper.swift in Sources */,
				184747932610AAA30019E64E /* TeamHelper.swift in Sources */,
				18978AD3261C1D6C001F0013 /* TeamBridge.m in Sources */,
				18D07058260DDCD300A82EC9 /* HealthKitModule.swift in Sources */,
				185546C02611D6AF005397C0 /* FanEngageModule.swift in Sources */,
				184746D526106E480019E64E /* SCDHelper.swift in Sources */,
				18B78FAB260E2A1C004B3225 /* AVCaptureDevice+Extensions.swift in Sources */,
				1847478F2610AA5D0019E64E /* WhistleDataHelper.swift in Sources */,
				184747832610A9480019E64E /* FanDataHelper.swift in Sources */,
				184747872610A9EC0019E64E /* HeartRateHelper.swift in Sources */,
				184747AB2610AC900019E64E /* BPHelper.swift in Sources */,
				184747BF2610AD9A0019E64E /* UsageAnalyticsHelper.swift in Sources */,
				184746E126106EC50019E64E /* DTMigration.swift in Sources */,
				1847473726108FF40019E64E /* DevicesModule.swift in Sources */,
				18A216F1261339DD00563968 /* MP3Player.swift in Sources */,
				18978B8C261C2B70001F0013 /* PIPUsable.swift in Sources */,
				184746D926106E6F0019E64E /* DTDatabase.swift in Sources */,
				18A2161D2612E7E300563968 /* HomeRepo.swift in Sources */,
				185546BB2611D653005397C0 /* LoginBridge.m in Sources */,
				18B78FAC260E2A1C004B3225 /* PulseViewController.swift in Sources */,
				184746DD26106E9A0019E64E /* AppConstants.swift in Sources */,
				184747B32610AD000019E64E /* ActivityHelper.swift in Sources */,
				185546B52611D615005397C0 /* LoginModule.swift in Sources */,
				18978B86261C2B40001F0013 /* PIPKit.swift in Sources */,
				185546CA2611D93D005397C0 /* ApiResponseModel.swift in Sources */,
				184747972610AACC0019E64E /* PlayersHelper.swift in Sources */,
			);
			runOnlyForDeploymentPostprocessing = 0;
		};
/* End PBXSourcesBuildPhase section */

/* Begin PBXTargetDependency section */
		00E356F51AD99517003FC87E /* PBXTargetDependency */ = {
			isa = PBXTargetDependency;
			target = 13B07F861A680F5B00A75B9A /* DemoProject */;
			targetProxy = 00E356F41AD99517003FC87E /* PBXContainerItemProxy */;
		};
/* End PBXTargetDependency section */

/* Begin XCBuildConfiguration section */
		00E356F61AD99517003FC87E /* Debug */ = {
			isa = XCBuildConfiguration;
			baseConfigurationReference = 01BFEE158BD87F84204BDF00 /* Pods-DemoProject-DemoProjectTests.debug.xcconfig */;
			buildSettings = {
				ALWAYS_EMBED_SWIFT_STANDARD_LIBRARIES = YES;
				BUNDLE_LOADER = "$(TEST_HOST)";
				GCC_PREPROCESSOR_DEFINITIONS = (
					"DEBUG=1",
					"$(inherited)",
				);
				INFOPLIST_FILE = DemoProjectTests/Info.plist;
				IPHONEOS_DEPLOYMENT_TARGET = 12.0;
				LD_RUNPATH_SEARCH_PATHS = (
					"$(inherited)",
					"@executable_path/Frameworks",
					"@loader_path/Frameworks",
				);
				OTHER_LDFLAGS = (
					"-ObjC",
					"-lc++",
					"$(inherited)",
				);
				PRODUCT_BUNDLE_IDENTIFIER = "org.reactjs.native.example.$(PRODUCT_NAME:rfc1034identifier)";
				PRODUCT_NAME = "$(TARGET_NAME)";
				TEST_HOST = "$(BUILT_PRODUCTS_DIR)/DemoProject.app/DemoProject";
			};
			name = Debug;
		};
		00E356F71AD99517003FC87E /* Release */ = {
			isa = XCBuildConfiguration;
			baseConfigurationReference = 81D9534B58EBC9ED66EC3361 /* Pods-DemoProject-DemoProjectTests.release.xcconfig */;
			buildSettings = {
				ALWAYS_EMBED_SWIFT_STANDARD_LIBRARIES = YES;
				BUNDLE_LOADER = "$(TEST_HOST)";
				COPY_PHASE_STRIP = NO;
				INFOPLIST_FILE = DemoProjectTests/Info.plist;
				IPHONEOS_DEPLOYMENT_TARGET = 12.0;
				LD_RUNPATH_SEARCH_PATHS = (
					"$(inherited)",
					"@executable_path/Frameworks",
					"@loader_path/Frameworks",
				);
				OTHER_LDFLAGS = (
					"-ObjC",
					"-lc++",
					"$(inherited)",
				);
				PRODUCT_BUNDLE_IDENTIFIER = "org.reactjs.native.example.$(PRODUCT_NAME:rfc1034identifier)";
				PRODUCT_NAME = "$(TARGET_NAME)";
				TEST_HOST = "$(BUILT_PRODUCTS_DIR)/DemoProject.app/DemoProject";
			};
			name = Release;
		};
		13B07F941A680F5B00A75B9A /* Debug */ = {
			isa = XCBuildConfiguration;
			baseConfigurationReference = C840B044A8FC1AD701986C64 /* Pods-DemoProject.debug.xcconfig */;
			buildSettings = {
				ASSETCATALOG_COMPILER_APPICON_NAME = AppIcon;
				CLANG_ENABLE_MODULES = YES;
				CODE_SIGN_ENTITLEMENTS = DemoProject/DemoProjectDebug.entitlements;
				CURRENT_PROJECT_VERSION = 1;
				DEVELOPMENT_TEAM = X329TLY3Q4;
				ENABLE_BITCODE = NO;
				HEADER_SEARCH_PATHS = (
					"$(inherited)",
					"\"${PODS_ROOT}/Headers/Public\"",
					"\"${PODS_ROOT}/Headers/Public/CocoaAsyncSocket\"",
					"\"${PODS_ROOT}/Headers/Public/DoubleConversion\"",
					"\"${PODS_ROOT}/Headers/Public/FBLazyVector\"",
					"\"${PODS_ROOT}/Headers/Public/FBReactNativeSpec\"",
					"\"${PODS_ROOT}/Headers/Public/Flipper\"",
					"\"${PODS_ROOT}/Headers/Public/Flipper-DoubleConversion\"",
					"\"${PODS_ROOT}/Headers/Public/Flipper-Folly\"",
					"\"${PODS_ROOT}/Headers/Public/Flipper-Glog\"",
					"\"${PODS_ROOT}/Headers/Public/Flipper-PeerTalk\"",
					"\"${PODS_ROOT}/Headers/Public/Flipper-RSocket\"",
					"\"${PODS_ROOT}/Headers/Public/FlipperKit\"",
					"\"${PODS_ROOT}/Headers/Public/RCT-Folly\"",
					"\"${PODS_ROOT}/Headers/Public/RCTRequired\"",
					"\"${PODS_ROOT}/Headers/Public/RCTTypeSafety\"",
					"\"${PODS_ROOT}/Headers/Public/RNSensors\"",
					"\"${PODS_ROOT}/Headers/Public/React-Core\"",
					"\"${PODS_ROOT}/Headers/Public/React-RCTBlob\"",
					"\"${PODS_ROOT}/Headers/Public/React-RCTText\"",
					"\"${PODS_ROOT}/Headers/Public/React-callinvoker\"",
					"\"${PODS_ROOT}/Headers/Public/React-cxxreact\"",
					"\"${PODS_ROOT}/Headers/Public/React-jsi\"",
					"\"${PODS_ROOT}/Headers/Public/React-jsiexecutor\"",
					"\"${PODS_ROOT}/Headers/Public/React-jsinspector\"",
					"\"${PODS_ROOT}/Headers/Public/React-perflogger\"",
					"\"${PODS_ROOT}/Headers/Public/React-runtimeexecutor\"",
					"\"${PODS_ROOT}/Headers/Public/ReactCommon\"",
					"\"${PODS_ROOT}/Headers/Public/Yoga\"",
					"\"${PODS_ROOT}/Headers/Public/YogaKit\"",
					"\"${PODS_ROOT}/Headers/Public/glog\"",
					"\"${PODS_ROOT}/Headers/Public/libevent\"",
					"\"$(PODS_ROOT)/boost-for-react-native\"",
					"\"$(PODS_ROOT)/Headers/Private/React-Core\"",
					"\"$(PODS_TARGET_SRCROOT)/include/\"",
					"$(SRCROOT)/DemoProject/SDK/Header/",
					"$(SRCROOT)/DemoProject/SDK",
					"$(SRCROOT)/DemoProject",
				);
				INFOPLIST_FILE = DemoProject/Info.plist;
				LD_RUNPATH_SEARCH_PATHS = (
					"$(inherited)",
					"@executable_path/Frameworks",
				);
				LIBRARY_SEARCH_PATHS = (
					"$(inherited)",
					"$(PROJECT_DIR)/DemoProject/SDK",
				);
				OTHER_LDFLAGS = (
					"$(inherited)",
					"-ObjC",
					"-lc++",
				);
				PRODUCT_BUNDLE_IDENTIFIER = org.reactjs.native.dempp;
				PRODUCT_NAME = DemoProject;
				SWIFT_OBJC_BRIDGING_HEADER = "DemoProject-Bridging-Header.h";
				SWIFT_OPTIMIZATION_LEVEL = "-Onone";
				SWIFT_VERSION = 5.0;
				VERSIONING_SYSTEM = "apple-generic";
			};
			name = Debug;
		};
		13B07F951A680F5B00A75B9A /* Release */ = {
			isa = XCBuildConfiguration;
			baseConfigurationReference = 85A10A955B4600F039CC8E83 /* Pods-DemoProject.release.xcconfig */;
			buildSettings = {
				ASSETCATALOG_COMPILER_APPICON_NAME = AppIcon;
				CLANG_ENABLE_MODULES = YES;
				CODE_SIGN_ENTITLEMENTS = DemoProject/DemoProject.entitlements;
				CURRENT_PROJECT_VERSION = 1;
				DEVELOPMENT_TEAM = X329TLY3Q4;
				HEADER_SEARCH_PATHS = (
					"$(inherited)",
					"\"${PODS_ROOT}/Headers/Public\"",
					"\"${PODS_ROOT}/Headers/Public/CocoaAsyncSocket\"",
					"\"${PODS_ROOT}/Headers/Public/DoubleConversion\"",
					"\"${PODS_ROOT}/Headers/Public/FBLazyVector\"",
					"\"${PODS_ROOT}/Headers/Public/FBReactNativeSpec\"",
					"\"${PODS_ROOT}/Headers/Public/Flipper\"",
					"\"${PODS_ROOT}/Headers/Public/Flipper-DoubleConversion\"",
					"\"${PODS_ROOT}/Headers/Public/Flipper-Folly\"",
					"\"${PODS_ROOT}/Headers/Public/Flipper-Glog\"",
					"\"${PODS_ROOT}/Headers/Public/Flipper-PeerTalk\"",
					"\"${PODS_ROOT}/Headers/Public/Flipper-RSocket\"",
					"\"${PODS_ROOT}/Headers/Public/FlipperKit\"",
					"\"${PODS_ROOT}/Headers/Public/RCT-Folly\"",
					"\"${PODS_ROOT}/Headers/Public/RCTRequired\"",
					"\"${PODS_ROOT}/Headers/Public/RCTTypeSafety\"",
					"\"${PODS_ROOT}/Headers/Public/RNSensors\"",
					"\"${PODS_ROOT}/Headers/Public/React-Core\"",
					"\"${PODS_ROOT}/Headers/Public/React-RCTBlob\"",
					"\"${PODS_ROOT}/Headers/Public/React-RCTText\"",
					"\"${PODS_ROOT}/Headers/Public/React-callinvoker\"",
					"\"${PODS_ROOT}/Headers/Public/React-cxxreact\"",
					"\"${PODS_ROOT}/Headers/Public/React-jsi\"",
					"\"${PODS_ROOT}/Headers/Public/React-jsiexecutor\"",
					"\"${PODS_ROOT}/Headers/Public/React-jsinspector\"",
					"\"${PODS_ROOT}/Headers/Public/React-perflogger\"",
					"\"${PODS_ROOT}/Headers/Public/React-runtimeexecutor\"",
					"\"${PODS_ROOT}/Headers/Public/ReactCommon\"",
					"\"${PODS_ROOT}/Headers/Public/Yoga\"",
					"\"${PODS_ROOT}/Headers/Public/YogaKit\"",
					"\"${PODS_ROOT}/Headers/Public/glog\"",
					"\"${PODS_ROOT}/Headers/Public/libevent\"",
					"\"$(PODS_ROOT)/boost-for-react-native\"",
					"\"$(PODS_ROOT)/Headers/Private/React-Core\"",
					"\"$(PODS_TARGET_SRCROOT)/include/\"",
					"$(SRCROOT)/DemoProject/SDK/Header/",
					"$(SRCROOT)/DemoProject/SDK",
					"$(SRCROOT)/DemoProject",
				);
				INFOPLIST_FILE = DemoProject/Info.plist;
				LD_RUNPATH_SEARCH_PATHS = (
					"$(inherited)",
					"@executable_path/Frameworks",
				);
				LIBRARY_SEARCH_PATHS = (
					"$(inherited)",
					"$(PROJECT_DIR)/DemoProject/SDK",
				);
				OTHER_LDFLAGS = (
					"$(inherited)",
					"-ObjC",
					"-lc++",
				);
				PRODUCT_BUNDLE_IDENTIFIER = org.reactjs.native.dempp;
				PRODUCT_NAME = DemoProject;
				SWIFT_OBJC_BRIDGING_HEADER = "DemoProject-Bridging-Header.h";
				SWIFT_OPTIMIZATION_LEVEL = "-Onone";
				SWIFT_VERSION = 5.0;
				VERSIONING_SYSTEM = "apple-generic";
			};
			name = Release;
		};
		83CBBA201A601CBA00E9B192 /* Debug */ = {
			isa = XCBuildConfiguration;
			buildSettings = {
				ALWAYS_SEARCH_USER_PATHS = NO;
				CLANG_ANALYZER_LOCALIZABILITY_NONLOCALIZED = YES;
				CLANG_CXX_LANGUAGE_STANDARD = "gnu++0x";
				CLANG_CXX_LIBRARY = "libc++";
				CLANG_ENABLE_MODULES = YES;
				CLANG_ENABLE_OBJC_ARC = YES;
				CLANG_WARN_BLOCK_CAPTURE_AUTORELEASING = YES;
				CLANG_WARN_BOOL_CONVERSION = YES;
				CLANG_WARN_COMMA = YES;
				CLANG_WARN_CONSTANT_CONVERSION = YES;
				CLANG_WARN_DEPRECATED_OBJC_IMPLEMENTATIONS = YES;
				CLANG_WARN_DIRECT_OBJC_ISA_USAGE = YES_ERROR;
				CLANG_WARN_EMPTY_BODY = YES;
				CLANG_WARN_ENUM_CONVERSION = YES;
				CLANG_WARN_INFINITE_RECURSION = YES;
				CLANG_WARN_INT_CONVERSION = YES;
				CLANG_WARN_NON_LITERAL_NULL_CONVERSION = YES;
				CLANG_WARN_OBJC_IMPLICIT_RETAIN_SELF = YES;
				CLANG_WARN_OBJC_LITERAL_CONVERSION = YES;
				CLANG_WARN_OBJC_ROOT_CLASS = YES_ERROR;
				CLANG_WARN_QUOTED_INCLUDE_IN_FRAMEWORK_HEADER = YES;
				CLANG_WARN_RANGE_LOOP_ANALYSIS = YES;
				CLANG_WARN_STRICT_PROTOTYPES = YES;
				CLANG_WARN_SUSPICIOUS_MOVE = YES;
				CLANG_WARN_UNREACHABLE_CODE = YES;
				CLANG_WARN__DUPLICATE_METHOD_MATCH = YES;
				"CODE_SIGN_IDENTITY[sdk=iphoneos*]" = "iPhone Developer";
				COPY_PHASE_STRIP = NO;
				ENABLE_STRICT_OBJC_MSGSEND = YES;
				ENABLE_TESTABILITY = YES;
				"EXCLUDED_ARCHS[sdk=iphonesimulator*]" = "arm64 ";
				GCC_C_LANGUAGE_STANDARD = gnu99;
				GCC_DYNAMIC_NO_PIC = NO;
				GCC_NO_COMMON_BLOCKS = YES;
				GCC_OPTIMIZATION_LEVEL = 0;
				GCC_PREPROCESSOR_DEFINITIONS = (
					"DEBUG=1",
					"$(inherited)",
				);
				GCC_SYMBOLS_PRIVATE_EXTERN = NO;
				GCC_WARN_64_TO_32_BIT_CONVERSION = YES;
				GCC_WARN_ABOUT_RETURN_TYPE = YES_ERROR;
				GCC_WARN_UNDECLARED_SELECTOR = YES;
				GCC_WARN_UNINITIALIZED_AUTOS = YES_AGGRESSIVE;
				GCC_WARN_UNUSED_FUNCTION = YES;
				GCC_WARN_UNUSED_VARIABLE = YES;
				IPHONEOS_DEPLOYMENT_TARGET = 12.0;
				LD_RUNPATH_SEARCH_PATHS = (
					/usr/lib/swift,
					"$(inherited)",
				);
				LIBRARY_SEARCH_PATHS = (
					"\"$(TOOLCHAIN_DIR)/usr/lib/swift/$(PLATFORM_NAME)\"",
					"\"$(TOOLCHAIN_DIR)/usr/lib/swift-5.0/$(PLATFORM_NAME)\"",
					"\"$(inherited)\"",
				);
				MTL_ENABLE_DEBUG_INFO = YES;
				ONLY_ACTIVE_ARCH = YES;
				SDKROOT = iphoneos;
			};
			name = Debug;
		};
		83CBBA211A601CBA00E9B192 /* Release */ = {
			isa = XCBuildConfiguration;
			buildSettings = {
				ALWAYS_SEARCH_USER_PATHS = NO;
				CLANG_ANALYZER_LOCALIZABILITY_NONLOCALIZED = YES;
				CLANG_CXX_LANGUAGE_STANDARD = "gnu++0x";
				CLANG_CXX_LIBRARY = "libc++";
				CLANG_ENABLE_MODULES = YES;
				CLANG_ENABLE_OBJC_ARC = YES;
				CLANG_WARN_BLOCK_CAPTURE_AUTORELEASING = YES;
				CLANG_WARN_BOOL_CONVERSION = YES;
				CLANG_WARN_COMMA = YES;
				CLANG_WARN_CONSTANT_CONVERSION = YES;
				CLANG_WARN_DEPRECATED_OBJC_IMPLEMENTATIONS = YES;
				CLANG_WARN_DIRECT_OBJC_ISA_USAGE = YES_ERROR;
				CLANG_WARN_EMPTY_BODY = YES;
				CLANG_WARN_ENUM_CONVERSION = YES;
				CLANG_WARN_INFINITE_RECURSION = YES;
				CLANG_WARN_INT_CONVERSION = YES;
				CLANG_WARN_NON_LITERAL_NULL_CONVERSION = YES;
				CLANG_WARN_OBJC_IMPLICIT_RETAIN_SELF = YES;
				CLANG_WARN_OBJC_LITERAL_CONVERSION = YES;
				CLANG_WARN_OBJC_ROOT_CLASS = YES_ERROR;
				CLANG_WARN_QUOTED_INCLUDE_IN_FRAMEWORK_HEADER = YES;
				CLANG_WARN_RANGE_LOOP_ANALYSIS = YES;
				CLANG_WARN_STRICT_PROTOTYPES = YES;
				CLANG_WARN_SUSPICIOUS_MOVE = YES;
				CLANG_WARN_UNREACHABLE_CODE = YES;
				CLANG_WARN__DUPLICATE_METHOD_MATCH = YES;
				"CODE_SIGN_IDENTITY[sdk=iphoneos*]" = "iPhone Developer";
				COPY_PHASE_STRIP = YES;
				ENABLE_NS_ASSERTIONS = NO;
				ENABLE_STRICT_OBJC_MSGSEND = YES;
				"EXCLUDED_ARCHS[sdk=iphonesimulator*]" = "arm64 ";
				GCC_C_LANGUAGE_STANDARD = gnu99;
				GCC_NO_COMMON_BLOCKS = YES;
				GCC_WARN_64_TO_32_BIT_CONVERSION = YES;
				GCC_WARN_ABOUT_RETURN_TYPE = YES_ERROR;
				GCC_WARN_UNDECLARED_SELECTOR = YES;
				GCC_WARN_UNINITIALIZED_AUTOS = YES_AGGRESSIVE;
				GCC_WARN_UNUSED_FUNCTION = YES;
				GCC_WARN_UNUSED_VARIABLE = YES;
				IPHONEOS_DEPLOYMENT_TARGET = 12.0;
				LD_RUNPATH_SEARCH_PATHS = (
					/usr/lib/swift,
					"$(inherited)",
				);
				LIBRARY_SEARCH_PATHS = (
					"\"$(TOOLCHAIN_DIR)/usr/lib/swift/$(PLATFORM_NAME)\"",
					"\"$(TOOLCHAIN_DIR)/usr/lib/swift-5.0/$(PLATFORM_NAME)\"",
					"\"$(inherited)\"",
				);
				MTL_ENABLE_DEBUG_INFO = NO;
				SDKROOT = iphoneos;
				SWIFT_COMPILATION_MODE = wholemodule;
				VALIDATE_PRODUCT = YES;
			};
			name = Release;
		};
/* End XCBuildConfiguration section */

/* Begin XCConfigurationList section */
		00E357021AD99517003FC87E /* Build configuration list for PBXNativeTarget "DemoProjectTests" */ = {
			isa = XCConfigurationList;
			buildConfigurations = (
				00E356F61AD99517003FC87E /* Debug */,
				00E356F71AD99517003FC87E /* Release */,
			);
			defaultConfigurationIsVisible = 0;
			defaultConfigurationName = Release;
		};
		13B07F931A680F5B00A75B9A /* Build configuration list for PBXNativeTarget "DemoProject" */ = {
			isa = XCConfigurationList;
			buildConfigurations = (
				13B07F941A680F5B00A75B9A /* Debug */,
				13B07F951A680F5B00A75B9A /* Release */,
			);
			defaultConfigurationIsVisible = 0;
			defaultConfigurationName = Release;
		};
		83CBB9FA1A601CBA00E9B192 /* Build configuration list for PBXProject "DemoProject" */ = {
			isa = XCConfigurationList;
			buildConfigurations = (
				83CBBA201A601CBA00E9B192 /* Debug */,
				83CBBA211A601CBA00E9B192 /* Release */,
			);
			defaultConfigurationIsVisible = 0;
			defaultConfigurationName = Release;
		};
/* End XCConfigurationList section */
	};
	rootObject = 83CBB9F71A601CBA00E9B192 /* Project object */;
}
